// !$*UTF8*$!
{
	archiveVersion = 1;
	classes = {
	};
	objectVersion = 50;
	objects = {

/* Begin PBXBuildFile section */
		4F25B42C22DA5CE800F09FAC /* APViewController.m in Sources */ = {isa = PBXBuildFile; fileRef = 4F25B42B22DA5CE800F09FAC /* APViewController.m */; };
		4F25B42F22DA5D0500F09FAC /* APView.m in Sources */ = {isa = PBXBuildFile; fileRef = 4F25B42E22DA5D0500F09FAC /* APView.m */; };
		4F25B43222DA5D3100F09FAC /* APNavigationController.m in Sources */ = {isa = PBXBuildFile; fileRef = 4F25B43122DA5D3100F09FAC /* APNavigationController.m */; };
		4F25B43422DA5DDF00F09FAC /* QMUIKit.framework in Frameworks */ = {isa = PBXBuildFile; fileRef = 4F25B43322DA5DDF00F09FAC /* QMUIKit.framework */; };
		4F25B43522DA5DDF00F09FAC /* QMUIKit.framework in Embed Frameworks */ = {isa = PBXBuildFile; fileRef = 4F25B43322DA5DDF00F09FAC /* QMUIKit.framework */; settings = {ATTRIBUTES = (CodeSignOnCopy, RemoveHeadersOnCopy, ); }; };
		4F25B44B22DA663900F09FAC /* Jetfire.framework in Frameworks */ = {isa = PBXBuildFile; fileRef = 4F25B44A22DA663900F09FAC /* Jetfire.framework */; };
		4F25B44C22DA663900F09FAC /* Jetfire.framework in Embed Frameworks */ = {isa = PBXBuildFile; fileRef = 4F25B44A22DA663900F09FAC /* Jetfire.framework */; settings = {ATTRIBUTES = (CodeSignOnCopy, RemoveHeadersOnCopy, ); }; };
		4F25B45522DB048000F09FAC /* APURLSession.m in Sources */ = {isa = PBXBuildFile; fileRef = 4F25B45422DB048000F09FAC /* APURLSession.m */; };
		4F25B45822DB04C500F09FAC /* NSError+APURLSession.m in Sources */ = {isa = PBXBuildFile; fileRef = 4F25B45722DB04C500F09FAC /* NSError+APURLSession.m */; };
		4F25B45B22DB061800F09FAC /* APURLSessionManager.m in Sources */ = {isa = PBXBuildFile; fileRef = 4F25B45A22DB061800F09FAC /* APURLSessionManager.m */; };
		4F25B45D22DB083200F09FAC /* APMacroHelper.h in Resources */ = {isa = PBXBuildFile; fileRef = 4F25B45C22DB083200F09FAC /* APMacroHelper.h */; };
		4F25B46422DB10E700F09FAC /* APBiliBiliURLSession.m in Sources */ = {isa = PBXBuildFile; fileRef = 4F25B46322DB10E700F09FAC /* APBiliBiliURLSession.m */; };
		4F25B46722DB134300F09FAC /* NSURLRequest+APURLRequest.m in Sources */ = {isa = PBXBuildFile; fileRef = 4F25B46622DB134300F09FAC /* NSURLRequest+APURLRequest.m */; };
		4F25B46F22DB1BF700F09FAC /* AWSLPlayerTests.m in Sources */ = {isa = PBXBuildFile; fileRef = 4F25B46E22DB1BF700F09FAC /* AWSLPlayerTests.m */; };
		4F25B47C22DB306500F09FAC /* APAVPlayerView.m in Sources */ = {isa = PBXBuildFile; fileRef = 4F25B47B22DB306500F09FAC /* APAVPlayerView.m */; };
		4F25B48022DB804100F09FAC /* APYoutubeURLSession.m in Sources */ = {isa = PBXBuildFile; fileRef = 4F25B47F22DB804100F09FAC /* APYoutubeURLSession.m */; };
		4F25B48822DCD68D00F09FAC /* APLineLiveURLSession.m in Sources */ = {isa = PBXBuildFile; fileRef = 4F25B48722DCD68D00F09FAC /* APLineLiveURLSession.m */; };
		4F28BA9522F691740084915D /* APVVMBindingContainer.m in Sources */ = {isa = PBXBuildFile; fileRef = 4F28BA9422F691740084915D /* APVVMBindingContainer.m */; };
		4F5C333122DA4F1700D3FCA1 /* AppDelegate.m in Sources */ = {isa = PBXBuildFile; fileRef = 4F5C333022DA4F1700D3FCA1 /* AppDelegate.m */; };
		4F5C333422DA4F1700D3FCA1 /* ViewController.m in Sources */ = {isa = PBXBuildFile; fileRef = 4F5C333322DA4F1700D3FCA1 /* ViewController.m */; };
		4F5C333922DA4F1800D3FCA1 /* Assets.xcassets in Resources */ = {isa = PBXBuildFile; fileRef = 4F5C333822DA4F1800D3FCA1 /* Assets.xcassets */; };
		4F5C333C22DA4F1800D3FCA1 /* LaunchScreen.storyboard in Resources */ = {isa = PBXBuildFile; fileRef = 4F5C333A22DA4F1800D3FCA1 /* LaunchScreen.storyboard */; };
		4F5C333F22DA4F1800D3FCA1 /* main.m in Sources */ = {isa = PBXBuildFile; fileRef = 4F5C333E22DA4F1800D3FCA1 /* main.m */; };
		4F5C334622DA520C00D3FCA1 /* VideoCodecKit.framework in Frameworks */ = {isa = PBXBuildFile; fileRef = 4F5C334522DA520C00D3FCA1 /* VideoCodecKit.framework */; };
		4F5C334722DA520C00D3FCA1 /* VideoCodecKit.framework in Embed Frameworks */ = {isa = PBXBuildFile; fileRef = 4F5C334522DA520C00D3FCA1 /* VideoCodecKit.framework */; settings = {ATTRIBUTES = (CodeSignOnCopy, RemoveHeadersOnCopy, ); }; };
		4F5C334A22DA520E00D3FCA1 /* NSObjectSignals.framework in Frameworks */ = {isa = PBXBuildFile; fileRef = 4F5C334922DA520E00D3FCA1 /* NSObjectSignals.framework */; };
		4F5C334B22DA520E00D3FCA1 /* NSObjectSignals.framework in Embed Frameworks */ = {isa = PBXBuildFile; fileRef = 4F5C334922DA520E00D3FCA1 /* NSObjectSignals.framework */; settings = {ATTRIBUTES = (CodeSignOnCopy, RemoveHeadersOnCopy, ); }; };
		4F5C334D22DA52D300D3FCA1 /* Masonry.framework in Frameworks */ = {isa = PBXBuildFile; fileRef = 4F5C334C22DA52D300D3FCA1 /* Masonry.framework */; };
		4F5C334E22DA52D300D3FCA1 /* Masonry.framework in Embed Frameworks */ = {isa = PBXBuildFile; fileRef = 4F5C334C22DA52D300D3FCA1 /* Masonry.framework */; settings = {ATTRIBUTES = (CodeSignOnCopy, RemoveHeadersOnCopy, ); }; };
		4F83537122F6800F000B5793 /* APPlayerView.m in Sources */ = {isa = PBXBuildFile; fileRef = 4F83537022F6800F000B5793 /* APPlayerView.m */; };
		4F83537922F680AC000B5793 /* APPlayerViewController.m in Sources */ = {isa = PBXBuildFile; fileRef = 4F83537822F680AC000B5793 /* APPlayerViewController.m */; };
		4F83537C22F680EC000B5793 /* APPlayerViewModel.m in Sources */ = {isa = PBXBuildFile; fileRef = 4F83537B22F680EC000B5793 /* APPlayerViewModel.m */; };
		4F83537F22F684C7000B5793 /* APPlayerDisplayView.m in Sources */ = {isa = PBXBuildFile; fileRef = 4F83537E22F684C7000B5793 /* APPlayerDisplayView.m */; };
		4F83538222F68511000B5793 /* APPlayerControlView.m in Sources */ = {isa = PBXBuildFile; fileRef = 4F83538122F68511000B5793 /* APPlayerControlView.m */; };
		4F88D39D22F1F1070019E082 /* APUserStorageHelper+Convinence.m in Sources */ = {isa = PBXBuildFile; fileRef = 4F88D39C22F1F1070019E082 /* APUserStorageHelper+Convinence.m */; };
		4F989C9322DE1A6E0092EE90 /* APLineLive.m in Sources */ = {isa = PBXBuildFile; fileRef = 4F25B48C22DCDDFA00F09FAC /* APLineLive.m */; };
		4F989C9422DE1A720092EE90 /* APYoutubeLive.m in Sources */ = {isa = PBXBuildFile; fileRef = 4F25B48322DB8C6800F09FAC /* APYoutubeLive.m */; };
		4F989C9622DE1A8E0092EE90 /* APBiliBiliLive.m in Sources */ = {isa = PBXBuildFile; fileRef = 4F25B45022DB02BD00F09FAC /* APBiliBiliLive.m */; };
		4F989C9A22DE23A00092EE90 /* APHibikiURLSession.m in Sources */ = {isa = PBXBuildFile; fileRef = 4F989C9922DE23A00092EE90 /* APHibikiURLSession.m */; };
		4F989C9E22DE2E580092EE90 /* APHibikiLive.m in Sources */ = {isa = PBXBuildFile; fileRef = 4F989C9D22DE2E580092EE90 /* APHibikiLive.m */; };
		4F989CAE22E368220092EE90 /* APTableViewController.m in Sources */ = {isa = PBXBuildFile; fileRef = 4F989CAD22E368220092EE90 /* APTableViewController.m */; };
		4F989CB122E368340092EE90 /* APHomepageViewController.m in Sources */ = {isa = PBXBuildFile; fileRef = 4F989CB022E368340092EE90 /* APHomepageViewController.m */; };
		4F989CB522E36B490092EE90 /* Localizable.strings in Resources */ = {isa = PBXBuildFile; fileRef = 4F989CB722E36B490092EE90 /* Localizable.strings */; };
		4F989CBC22E36C2E0092EE90 /* InfoPlist.strings in Resources */ = {isa = PBXBuildFile; fileRef = 4F989CBE22E36C2E0092EE90 /* InfoPlist.strings */; };
		4F989CC322E374BD0092EE90 /* APHomepageAddItemPopupView.m in Sources */ = {isa = PBXBuildFile; fileRef = 4F989CC222E374BD0092EE90 /* APHomepageAddItemPopupView.m */; };
		4F989CC922E431540092EE90 /* APLiveURLModel.m in Sources */ = {isa = PBXBuildFile; fileRef = 4F989CC822E431540092EE90 /* APLiveURLModel.m */; };
		4F989CCC22E431820092EE90 /* APLiveURLFolderModel.m in Sources */ = {isa = PBXBuildFile; fileRef = 4F989CCB22E431820092EE90 /* APLiveURLFolderModel.m */; };
		4F989CCF22E431F50092EE90 /* APDDPlayerModel.m in Sources */ = {isa = PBXBuildFile; fileRef = 4F989CCE22E431F50092EE90 /* APDDPlayerModel.m */; };
		4F989CD222E432E20092EE90 /* APDDPlayerLayoutModel.m in Sources */ = {isa = PBXBuildFile; fileRef = 4F989CD122E432E20092EE90 /* APDDPlayerLayoutModel.m */; };
		4F989CD722E4394A0092EE90 /* APFilePathHelper.m in Sources */ = {isa = PBXBuildFile; fileRef = 4F989CD622E4394A0092EE90 /* APFilePathHelper.m */; };
		4F989CDA22E439580092EE90 /* APUserDefaultHelper.m in Sources */ = {isa = PBXBuildFile; fileRef = 4F989CD922E439580092EE90 /* APUserDefaultHelper.m */; };
		4F989CDD22E43DF10092EE90 /* APAddLiveURLViewController.m in Sources */ = {isa = PBXBuildFile; fileRef = 4F989CDC22E43DF10092EE90 /* APAddLiveURLViewController.m */; };
		4F989CE222E440BF0092EE90 /* APAddLiveURLViewDataSource.m in Sources */ = {isa = PBXBuildFile; fileRef = 4F989CE122E440BF0092EE90 /* APAddLiveURLViewDataSource.m */; };
		4F989CED22E466FE0092EE90 /* APTextViewInputTableViewCell.m in Sources */ = {isa = PBXBuildFile; fileRef = 4F989CE722E448FD0092EE90 /* APTextViewInputTableViewCell.m */; };
		4F989CF022E467300092EE90 /* APTextFieldInputTableViewCell.m in Sources */ = {isa = PBXBuildFile; fileRef = 4F989CEF22E467300092EE90 /* APTextFieldInputTableViewCell.m */; };
		4F989CF522E8A80D0092EE90 /* APHomepageDataSource.m in Sources */ = {isa = PBXBuildFile; fileRef = 4F989CF422E8A80D0092EE90 /* APHomepageDataSource.m */; };
		4FB559D022F5C2990073BB60 /* APModelStorageContainer.m in Sources */ = {isa = PBXBuildFile; fileRef = 4FB559CF22F5C2990073BB60 /* APModelStorageContainer.m */; };
		4FEE4C1422F0A45C00BCA528 /* APUserStorageHelper.m in Sources */ = {isa = PBXBuildFile; fileRef = 4FEE4C1322F0A45C00BCA528 /* APUserStorageHelper.m */; };
/* End PBXBuildFile section */

/* Begin PBXContainerItemProxy section */
		4F25B47122DB1BF700F09FAC /* PBXContainerItemProxy */ = {
			isa = PBXContainerItemProxy;
			containerPortal = 4F5C332422DA4F1700D3FCA1 /* Project object */;
			proxyType = 1;
			remoteGlobalIDString = 4F5C332B22DA4F1700D3FCA1;
			remoteInfo = AWSLPlayer;
		};
/* End PBXContainerItemProxy section */

/* Begin PBXCopyFilesBuildPhase section */
		4F5C334822DA520C00D3FCA1 /* Embed Frameworks */ = {
			isa = PBXCopyFilesBuildPhase;
			buildActionMask = 2147483647;
			dstPath = "";
			dstSubfolderSpec = 10;
			files = (
				4F5C334B22DA520E00D3FCA1 /* NSObjectSignals.framework in Embed Frameworks */,
				4F25B43522DA5DDF00F09FAC /* QMUIKit.framework in Embed Frameworks */,
				4F5C334722DA520C00D3FCA1 /* VideoCodecKit.framework in Embed Frameworks */,
				4F5C334E22DA52D300D3FCA1 /* Masonry.framework in Embed Frameworks */,
				4F25B44C22DA663900F09FAC /* Jetfire.framework in Embed Frameworks */,
			);
			name = "Embed Frameworks";
			runOnlyForDeploymentPostprocessing = 0;
		};
/* End PBXCopyFilesBuildPhase section */

/* Begin PBXFileReference section */
		4F25B42A22DA5CE800F09FAC /* APViewController.h */ = {isa = PBXFileReference; lastKnownFileType = sourcecode.c.h; path = APViewController.h; sourceTree = "<group>"; };
		4F25B42B22DA5CE800F09FAC /* APViewController.m */ = {isa = PBXFileReference; lastKnownFileType = sourcecode.c.objc; path = APViewController.m; sourceTree = "<group>"; };
		4F25B42D22DA5D0500F09FAC /* APView.h */ = {isa = PBXFileReference; lastKnownFileType = sourcecode.c.h; path = APView.h; sourceTree = "<group>"; };
		4F25B42E22DA5D0500F09FAC /* APView.m */ = {isa = PBXFileReference; lastKnownFileType = sourcecode.c.objc; path = APView.m; sourceTree = "<group>"; };
		4F25B43022DA5D3100F09FAC /* APNavigationController.h */ = {isa = PBXFileReference; lastKnownFileType = sourcecode.c.h; path = APNavigationController.h; sourceTree = "<group>"; };
		4F25B43122DA5D3100F09FAC /* APNavigationController.m */ = {isa = PBXFileReference; lastKnownFileType = sourcecode.c.objc; path = APNavigationController.m; sourceTree = "<group>"; };
		4F25B43322DA5DDF00F09FAC /* QMUIKit.framework */ = {isa = PBXFileReference; explicitFileType = wrapper.framework; path = QMUIKit.framework; sourceTree = BUILT_PRODUCTS_DIR; };
		4F25B44A22DA663900F09FAC /* Jetfire.framework */ = {isa = PBXFileReference; explicitFileType = wrapper.framework; path = Jetfire.framework; sourceTree = BUILT_PRODUCTS_DIR; };
		4F25B44F22DB02BD00F09FAC /* APBiliBiliLive.h */ = {isa = PBXFileReference; lastKnownFileType = sourcecode.c.h; path = APBiliBiliLive.h; sourceTree = "<group>"; };
		4F25B45022DB02BD00F09FAC /* APBiliBiliLive.m */ = {isa = PBXFileReference; lastKnownFileType = sourcecode.c.objc; path = APBiliBiliLive.m; sourceTree = "<group>"; };
		4F25B45322DB048000F09FAC /* APURLSession.h */ = {isa = PBXFileReference; lastKnownFileType = sourcecode.c.h; path = APURLSession.h; sourceTree = "<group>"; };
		4F25B45422DB048000F09FAC /* APURLSession.m */ = {isa = PBXFileReference; lastKnownFileType = sourcecode.c.objc; path = APURLSession.m; sourceTree = "<group>"; };
		4F25B45622DB04C500F09FAC /* NSError+APURLSession.h */ = {isa = PBXFileReference; lastKnownFileType = sourcecode.c.h; path = "NSError+APURLSession.h"; sourceTree = "<group>"; };
		4F25B45722DB04C500F09FAC /* NSError+APURLSession.m */ = {isa = PBXFileReference; lastKnownFileType = sourcecode.c.objc; path = "NSError+APURLSession.m"; sourceTree = "<group>"; };
		4F25B45922DB061800F09FAC /* APURLSessionManager.h */ = {isa = PBXFileReference; lastKnownFileType = sourcecode.c.h; path = APURLSessionManager.h; sourceTree = "<group>"; };
		4F25B45A22DB061800F09FAC /* APURLSessionManager.m */ = {isa = PBXFileReference; lastKnownFileType = sourcecode.c.objc; path = APURLSessionManager.m; sourceTree = "<group>"; };
		4F25B45C22DB083200F09FAC /* APMacroHelper.h */ = {isa = PBXFileReference; lastKnownFileType = sourcecode.c.h; path = APMacroHelper.h; sourceTree = "<group>"; };
		4F25B46222DB10E700F09FAC /* APBiliBiliURLSession.h */ = {isa = PBXFileReference; lastKnownFileType = sourcecode.c.h; path = APBiliBiliURLSession.h; sourceTree = "<group>"; };
		4F25B46322DB10E700F09FAC /* APBiliBiliURLSession.m */ = {isa = PBXFileReference; lastKnownFileType = sourcecode.c.objc; path = APBiliBiliURLSession.m; sourceTree = "<group>"; };
		4F25B46522DB134300F09FAC /* NSURLRequest+APURLRequest.h */ = {isa = PBXFileReference; lastKnownFileType = sourcecode.c.h; path = "NSURLRequest+APURLRequest.h"; sourceTree = "<group>"; };
		4F25B46622DB134300F09FAC /* NSURLRequest+APURLRequest.m */ = {isa = PBXFileReference; lastKnownFileType = sourcecode.c.objc; path = "NSURLRequest+APURLRequest.m"; sourceTree = "<group>"; };
		4F25B46C22DB1BF700F09FAC /* AWSLPlayerTests.xctest */ = {isa = PBXFileReference; explicitFileType = wrapper.cfbundle; includeInIndex = 0; path = AWSLPlayerTests.xctest; sourceTree = BUILT_PRODUCTS_DIR; };
		4F25B46E22DB1BF700F09FAC /* AWSLPlayerTests.m */ = {isa = PBXFileReference; lastKnownFileType = sourcecode.c.objc; path = AWSLPlayerTests.m; sourceTree = "<group>"; };
		4F25B47022DB1BF700F09FAC /* Info.plist */ = {isa = PBXFileReference; lastKnownFileType = text.plist.xml; path = Info.plist; sourceTree = "<group>"; };
		4F25B47A22DB306500F09FAC /* APAVPlayerView.h */ = {isa = PBXFileReference; lastKnownFileType = sourcecode.c.h; path = APAVPlayerView.h; sourceTree = "<group>"; };
		4F25B47B22DB306500F09FAC /* APAVPlayerView.m */ = {isa = PBXFileReference; lastKnownFileType = sourcecode.c.objc; path = APAVPlayerView.m; sourceTree = "<group>"; };
		4F25B47E22DB804100F09FAC /* APYoutubeURLSession.h */ = {isa = PBXFileReference; lastKnownFileType = sourcecode.c.h; path = APYoutubeURLSession.h; sourceTree = "<group>"; };
		4F25B47F22DB804100F09FAC /* APYoutubeURLSession.m */ = {isa = PBXFileReference; lastKnownFileType = sourcecode.c.objc; path = APYoutubeURLSession.m; sourceTree = "<group>"; };
		4F25B48222DB8C6800F09FAC /* APYoutubeLive.h */ = {isa = PBXFileReference; lastKnownFileType = sourcecode.c.h; path = APYoutubeLive.h; sourceTree = "<group>"; };
		4F25B48322DB8C6800F09FAC /* APYoutubeLive.m */ = {isa = PBXFileReference; lastKnownFileType = sourcecode.c.objc; path = APYoutubeLive.m; sourceTree = "<group>"; };
		4F25B48622DCD68D00F09FAC /* APLineLiveURLSession.h */ = {isa = PBXFileReference; lastKnownFileType = sourcecode.c.h; path = APLineLiveURLSession.h; sourceTree = "<group>"; };
		4F25B48722DCD68D00F09FAC /* APLineLiveURLSession.m */ = {isa = PBXFileReference; lastKnownFileType = sourcecode.c.objc; path = APLineLiveURLSession.m; sourceTree = "<group>"; };
		4F25B48922DCD86700F09FAC /* APRequestPlatformLivePlayURLProtocol.h */ = {isa = PBXFileReference; lastKnownFileType = sourcecode.c.h; path = APRequestPlatformLivePlayURLProtocol.h; sourceTree = "<group>"; };
		4F25B48B22DCDDFA00F09FAC /* APLineLive.h */ = {isa = PBXFileReference; lastKnownFileType = sourcecode.c.h; path = APLineLive.h; sourceTree = "<group>"; };
		4F25B48C22DCDDFA00F09FAC /* APLineLive.m */ = {isa = PBXFileReference; lastKnownFileType = sourcecode.c.objc; path = APLineLive.m; sourceTree = "<group>"; };
		4F28BA9322F691740084915D /* APVVMBindingContainer.h */ = {isa = PBXFileReference; lastKnownFileType = sourcecode.c.h; path = APVVMBindingContainer.h; sourceTree = "<group>"; };
		4F28BA9422F691740084915D /* APVVMBindingContainer.m */ = {isa = PBXFileReference; lastKnownFileType = sourcecode.c.objc; path = APVVMBindingContainer.m; sourceTree = "<group>"; };
		4F5C332C22DA4F1700D3FCA1 /* AWSLPlayer.app */ = {isa = PBXFileReference; explicitFileType = wrapper.application; includeInIndex = 0; path = AWSLPlayer.app; sourceTree = BUILT_PRODUCTS_DIR; };
		4F5C332F22DA4F1700D3FCA1 /* AppDelegate.h */ = {isa = PBXFileReference; lastKnownFileType = sourcecode.c.h; path = AppDelegate.h; sourceTree = "<group>"; };
		4F5C333022DA4F1700D3FCA1 /* AppDelegate.m */ = {isa = PBXFileReference; lastKnownFileType = sourcecode.c.objc; path = AppDelegate.m; sourceTree = "<group>"; };
		4F5C333222DA4F1700D3FCA1 /* ViewController.h */ = {isa = PBXFileReference; lastKnownFileType = sourcecode.c.h; path = ViewController.h; sourceTree = "<group>"; };
		4F5C333322DA4F1700D3FCA1 /* ViewController.m */ = {isa = PBXFileReference; lastKnownFileType = sourcecode.c.objc; path = ViewController.m; sourceTree = "<group>"; };
		4F5C333822DA4F1800D3FCA1 /* Assets.xcassets */ = {isa = PBXFileReference; lastKnownFileType = folder.assetcatalog; path = Assets.xcassets; sourceTree = "<group>"; };
		4F5C333B22DA4F1800D3FCA1 /* Base */ = {isa = PBXFileReference; lastKnownFileType = file.storyboard; name = Base; path = Base.lproj/LaunchScreen.storyboard; sourceTree = "<group>"; };
		4F5C333D22DA4F1800D3FCA1 /* Info.plist */ = {isa = PBXFileReference; lastKnownFileType = text.plist.xml; path = Info.plist; sourceTree = "<group>"; };
		4F5C333E22DA4F1800D3FCA1 /* main.m */ = {isa = PBXFileReference; lastKnownFileType = sourcecode.c.objc; path = main.m; sourceTree = "<group>"; };
		4F5C334522DA520C00D3FCA1 /* VideoCodecKit.framework */ = {isa = PBXFileReference; explicitFileType = wrapper.framework; path = VideoCodecKit.framework; sourceTree = BUILT_PRODUCTS_DIR; };
		4F5C334922DA520E00D3FCA1 /* NSObjectSignals.framework */ = {isa = PBXFileReference; explicitFileType = wrapper.framework; path = NSObjectSignals.framework; sourceTree = BUILT_PRODUCTS_DIR; };
		4F5C334C22DA52D300D3FCA1 /* Masonry.framework */ = {isa = PBXFileReference; explicitFileType = wrapper.framework; path = Masonry.framework; sourceTree = BUILT_PRODUCTS_DIR; };
		4F7884F822F0A76F00557981 /* APUserStorageKey.h */ = {isa = PBXFileReference; lastKnownFileType = sourcecode.c.h; path = APUserStorageKey.h; sourceTree = "<group>"; };
		4F7884F922F0ADF700557981 /* APUserDefaultKey.h */ = {isa = PBXFileReference; lastKnownFileType = sourcecode.c.h; path = APUserDefaultKey.h; sourceTree = "<group>"; };
		4F83536F22F6800F000B5793 /* APPlayerView.h */ = {isa = PBXFileReference; lastKnownFileType = sourcecode.c.h; path = APPlayerView.h; sourceTree = "<group>"; };
		4F83537022F6800F000B5793 /* APPlayerView.m */ = {isa = PBXFileReference; lastKnownFileType = sourcecode.c.objc; path = APPlayerView.m; sourceTree = "<group>"; };
		4F83537722F680AC000B5793 /* APPlayerViewController.h */ = {isa = PBXFileReference; lastKnownFileType = sourcecode.c.h; path = APPlayerViewController.h; sourceTree = "<group>"; };
		4F83537822F680AC000B5793 /* APPlayerViewController.m */ = {isa = PBXFileReference; lastKnownFileType = sourcecode.c.objc; path = APPlayerViewController.m; sourceTree = "<group>"; };
		4F83537A22F680EC000B5793 /* APPlayerViewModel.h */ = {isa = PBXFileReference; lastKnownFileType = sourcecode.c.h; path = APPlayerViewModel.h; sourceTree = "<group>"; };
		4F83537B22F680EC000B5793 /* APPlayerViewModel.m */ = {isa = PBXFileReference; lastKnownFileType = sourcecode.c.objc; path = APPlayerViewModel.m; sourceTree = "<group>"; };
		4F83537D22F684C7000B5793 /* APPlayerDisplayView.h */ = {isa = PBXFileReference; lastKnownFileType = sourcecode.c.h; path = APPlayerDisplayView.h; sourceTree = "<group>"; };
		4F83537E22F684C7000B5793 /* APPlayerDisplayView.m */ = {isa = PBXFileReference; lastKnownFileType = sourcecode.c.objc; path = APPlayerDisplayView.m; sourceTree = "<group>"; };
		4F83538022F68511000B5793 /* APPlayerControlView.h */ = {isa = PBXFileReference; lastKnownFileType = sourcecode.c.h; path = APPlayerControlView.h; sourceTree = "<group>"; };
		4F83538122F68511000B5793 /* APPlayerControlView.m */ = {isa = PBXFileReference; lastKnownFileType = sourcecode.c.objc; path = APPlayerControlView.m; sourceTree = "<group>"; };
		4F88D39B22F1F1070019E082 /* APUserStorageHelper+Convinence.h */ = {isa = PBXFileReference; lastKnownFileType = sourcecode.c.h; path = "APUserStorageHelper+Convinence.h"; sourceTree = "<group>"; };
		4F88D39C22F1F1070019E082 /* APUserStorageHelper+Convinence.m */ = {isa = PBXFileReference; lastKnownFileType = sourcecode.c.objc; path = "APUserStorageHelper+Convinence.m"; sourceTree = "<group>"; };
		4F989C9822DE23A00092EE90 /* APHibikiURLSession.h */ = {isa = PBXFileReference; lastKnownFileType = sourcecode.c.h; path = APHibikiURLSession.h; sourceTree = "<group>"; };
		4F989C9922DE23A00092EE90 /* APHibikiURLSession.m */ = {isa = PBXFileReference; lastKnownFileType = sourcecode.c.objc; path = APHibikiURLSession.m; sourceTree = "<group>"; };
		4F989C9C22DE2E580092EE90 /* APHibikiLive.h */ = {isa = PBXFileReference; lastKnownFileType = sourcecode.c.h; path = APHibikiLive.h; sourceTree = "<group>"; };
		4F989C9D22DE2E580092EE90 /* APHibikiLive.m */ = {isa = PBXFileReference; lastKnownFileType = sourcecode.c.objc; path = APHibikiLive.m; sourceTree = "<group>"; };
		4F989CAC22E368220092EE90 /* APTableViewController.h */ = {isa = PBXFileReference; lastKnownFileType = sourcecode.c.h; path = APTableViewController.h; sourceTree = "<group>"; };
		4F989CAD22E368220092EE90 /* APTableViewController.m */ = {isa = PBXFileReference; lastKnownFileType = sourcecode.c.objc; path = APTableViewController.m; sourceTree = "<group>"; };
		4F989CAF22E368340092EE90 /* APHomepageViewController.h */ = {isa = PBXFileReference; lastKnownFileType = sourcecode.c.h; path = APHomepageViewController.h; sourceTree = "<group>"; };
		4F989CB022E368340092EE90 /* APHomepageViewController.m */ = {isa = PBXFileReference; lastKnownFileType = sourcecode.c.objc; path = APHomepageViewController.m; sourceTree = "<group>"; };
		4F989CB622E36B490092EE90 /* en */ = {isa = PBXFileReference; lastKnownFileType = text.plist.strings; name = en; path = en.lproj/Localizable.strings; sourceTree = "<group>"; };
		4F989CB822E36BF90092EE90 /* zh-Hans */ = {isa = PBXFileReference; lastKnownFileType = file.storyboard; name = "zh-Hans"; path = "zh-Hans.lproj/LaunchScreen.storyboard"; sourceTree = "<group>"; };
		4F989CB922E36BF90092EE90 /* zh-Hans */ = {isa = PBXFileReference; lastKnownFileType = text.plist.strings; name = "zh-Hans"; path = "zh-Hans.lproj/Localizable.strings"; sourceTree = "<group>"; };
		4F989CBD22E36C2E0092EE90 /* en */ = {isa = PBXFileReference; lastKnownFileType = text.plist.strings; name = en; path = en.lproj/InfoPlist.strings; sourceTree = "<group>"; };
		4F989CBF22E36C360092EE90 /* zh-Hans */ = {isa = PBXFileReference; lastKnownFileType = text.plist.strings; name = "zh-Hans"; path = "zh-Hans.lproj/InfoPlist.strings"; sourceTree = "<group>"; };
		4F989CC122E374BD0092EE90 /* APHomepageAddItemPopupView.h */ = {isa = PBXFileReference; lastKnownFileType = sourcecode.c.h; path = APHomepageAddItemPopupView.h; sourceTree = "<group>"; };
		4F989CC222E374BD0092EE90 /* APHomepageAddItemPopupView.m */ = {isa = PBXFileReference; lastKnownFileType = sourcecode.c.objc; path = APHomepageAddItemPopupView.m; sourceTree = "<group>"; };
		4F989CC722E431540092EE90 /* APLiveURLModel.h */ = {isa = PBXFileReference; lastKnownFileType = sourcecode.c.h; path = APLiveURLModel.h; sourceTree = "<group>"; };
		4F989CC822E431540092EE90 /* APLiveURLModel.m */ = {isa = PBXFileReference; lastKnownFileType = sourcecode.c.objc; path = APLiveURLModel.m; sourceTree = "<group>"; };
		4F989CCA22E431820092EE90 /* APLiveURLFolderModel.h */ = {isa = PBXFileReference; lastKnownFileType = sourcecode.c.h; path = APLiveURLFolderModel.h; sourceTree = "<group>"; };
		4F989CCB22E431820092EE90 /* APLiveURLFolderModel.m */ = {isa = PBXFileReference; lastKnownFileType = sourcecode.c.objc; path = APLiveURLFolderModel.m; sourceTree = "<group>"; };
		4F989CCD22E431F50092EE90 /* APDDPlayerModel.h */ = {isa = PBXFileReference; lastKnownFileType = sourcecode.c.h; path = APDDPlayerModel.h; sourceTree = "<group>"; };
		4F989CCE22E431F50092EE90 /* APDDPlayerModel.m */ = {isa = PBXFileReference; lastKnownFileType = sourcecode.c.objc; path = APDDPlayerModel.m; sourceTree = "<group>"; };
		4F989CD022E432E20092EE90 /* APDDPlayerLayoutModel.h */ = {isa = PBXFileReference; lastKnownFileType = sourcecode.c.h; path = APDDPlayerLayoutModel.h; sourceTree = "<group>"; };
		4F989CD122E432E20092EE90 /* APDDPlayerLayoutModel.m */ = {isa = PBXFileReference; lastKnownFileType = sourcecode.c.objc; path = APDDPlayerLayoutModel.m; sourceTree = "<group>"; };
		4F989CD522E4394A0092EE90 /* APFilePathHelper.h */ = {isa = PBXFileReference; lastKnownFileType = sourcecode.c.h; path = APFilePathHelper.h; sourceTree = "<group>"; };
		4F989CD622E4394A0092EE90 /* APFilePathHelper.m */ = {isa = PBXFileReference; lastKnownFileType = sourcecode.c.objc; path = APFilePathHelper.m; sourceTree = "<group>"; };
		4F989CD822E439580092EE90 /* APUserDefaultHelper.h */ = {isa = PBXFileReference; lastKnownFileType = sourcecode.c.h; path = APUserDefaultHelper.h; sourceTree = "<group>"; };
		4F989CD922E439580092EE90 /* APUserDefaultHelper.m */ = {isa = PBXFileReference; lastKnownFileType = sourcecode.c.objc; path = APUserDefaultHelper.m; sourceTree = "<group>"; };
		4F989CDB22E43DF10092EE90 /* APAddLiveURLViewController.h */ = {isa = PBXFileReference; lastKnownFileType = sourcecode.c.h; path = APAddLiveURLViewController.h; sourceTree = "<group>"; };
		4F989CDC22E43DF10092EE90 /* APAddLiveURLViewController.m */ = {isa = PBXFileReference; lastKnownFileType = sourcecode.c.objc; path = APAddLiveURLViewController.m; sourceTree = "<group>"; };
		4F989CE022E440BF0092EE90 /* APAddLiveURLViewDataSource.h */ = {isa = PBXFileReference; lastKnownFileType = sourcecode.c.h; path = APAddLiveURLViewDataSource.h; sourceTree = "<group>"; };
		4F989CE122E440BF0092EE90 /* APAddLiveURLViewDataSource.m */ = {isa = PBXFileReference; lastKnownFileType = sourcecode.c.objc; path = APAddLiveURLViewDataSource.m; sourceTree = "<group>"; };
		4F989CE622E448FD0092EE90 /* APTextViewInputTableViewCell.h */ = {isa = PBXFileReference; lastKnownFileType = sourcecode.c.h; path = APTextViewInputTableViewCell.h; sourceTree = "<group>"; };
		4F989CE722E448FD0092EE90 /* APTextViewInputTableViewCell.m */ = {isa = PBXFileReference; lastKnownFileType = sourcecode.c.objc; path = APTextViewInputTableViewCell.m; sourceTree = "<group>"; };
		4F989CEE22E467300092EE90 /* APTextFieldInputTableViewCell.h */ = {isa = PBXFileReference; lastKnownFileType = sourcecode.c.h; path = APTextFieldInputTableViewCell.h; sourceTree = "<group>"; };
		4F989CEF22E467300092EE90 /* APTextFieldInputTableViewCell.m */ = {isa = PBXFileReference; lastKnownFileType = sourcecode.c.objc; path = APTextFieldInputTableViewCell.m; sourceTree = "<group>"; };
		4F989CF322E8A80D0092EE90 /* APHomepageDataSource.h */ = {isa = PBXFileReference; lastKnownFileType = sourcecode.c.h; path = APHomepageDataSource.h; sourceTree = "<group>"; };
		4F989CF422E8A80D0092EE90 /* APHomepageDataSource.m */ = {isa = PBXFileReference; lastKnownFileType = sourcecode.c.objc; path = APHomepageDataSource.m; sourceTree = "<group>"; };
		4FB559CE22F5C2990073BB60 /* APModelStorageContainer.h */ = {isa = PBXFileReference; lastKnownFileType = sourcecode.c.h; path = APModelStorageContainer.h; sourceTree = "<group>"; };
		4FB559CF22F5C2990073BB60 /* APModelStorageContainer.m */ = {isa = PBXFileReference; lastKnownFileType = sourcecode.c.objc; path = APModelStorageContainer.m; sourceTree = "<group>"; };
		4FB559D122F5CAF90073BB60 /* APUserStorageHasDefaultProtocol.h */ = {isa = PBXFileReference; lastKnownFileType = sourcecode.c.h; path = APUserStorageHasDefaultProtocol.h; sourceTree = "<group>"; };
		4FEE4C1222F0A45C00BCA528 /* APUserStorageHelper.h */ = {isa = PBXFileReference; lastKnownFileType = sourcecode.c.h; path = APUserStorageHelper.h; sourceTree = "<group>"; };
		4FEE4C1322F0A45C00BCA528 /* APUserStorageHelper.m */ = {isa = PBXFileReference; lastKnownFileType = sourcecode.c.objc; path = APUserStorageHelper.m; sourceTree = "<group>"; };
/* End PBXFileReference section */

/* Begin PBXFrameworksBuildPhase section */
		4F25B46922DB1BF700F09FAC /* Frameworks */ = {
			isa = PBXFrameworksBuildPhase;
			buildActionMask = 2147483647;
			files = (
			);
			runOnlyForDeploymentPostprocessing = 0;
		};
		4F5C332922DA4F1700D3FCA1 /* Frameworks */ = {
			isa = PBXFrameworksBuildPhase;
			buildActionMask = 2147483647;
			files = (
				4F5C334A22DA520E00D3FCA1 /* NSObjectSignals.framework in Frameworks */,
				4F25B43422DA5DDF00F09FAC /* QMUIKit.framework in Frameworks */,
				4F5C334622DA520C00D3FCA1 /* VideoCodecKit.framework in Frameworks */,
				4F5C334D22DA52D300D3FCA1 /* Masonry.framework in Frameworks */,
				4F25B44B22DA663900F09FAC /* Jetfire.framework in Frameworks */,
			);
			runOnlyForDeploymentPostprocessing = 0;
		};
/* End PBXFrameworksBuildPhase section */

/* Begin PBXGroup section */
		4F25B41D22DA56F700F09FAC /* Resources */ = {
			isa = PBXGroup;
			children = (
				4F5C333822DA4F1800D3FCA1 /* Assets.xcassets */,
				4F5C333A22DA4F1800D3FCA1 /* LaunchScreen.storyboard */,
				4F989CB722E36B490092EE90 /* Localizable.strings */,
				4F989CBE22E36C2E0092EE90 /* InfoPlist.strings */,
			);
			path = Resources;
			sourceTree = "<group>";
		};
		4F25B41E22DA571100F09FAC /* Classes */ = {
			isa = PBXGroup;
			children = (
				4F989CE422E448C00092EE90 /* View */,
				4F989CD322E435920092EE90 /* Model */,
				4F25B42322DA586200F09FAC /* Base */,
				4F989CAB22E367530092EE90 /* Homepage */,
				4F25B42222DA583A00F09FAC /* Setting */,
				4F25B42122DA573E00F09FAC /* Player */,
				4F25B42022DA573100F09FAC /* Debug */,
				4F25B41F22DA571B00F09FAC /* Services */,
				4F5C332F22DA4F1700D3FCA1 /* AppDelegate.h */,
				4F5C333022DA4F1700D3FCA1 /* AppDelegate.m */,
				4F5C333222DA4F1700D3FCA1 /* ViewController.h */,
				4F5C333322DA4F1700D3FCA1 /* ViewController.m */,
				4F25B45C22DB083200F09FAC /* APMacroHelper.h */,
			);
			path = Classes;
			sourceTree = "<group>";
		};
		4F25B41F22DA571B00F09FAC /* Services */ = {
			isa = PBXGroup;
			children = (
				4F989CD422E435AB0092EE90 /* Utils */,
				4F25B45222DB044E00F09FAC /* Network */,
				4F25B44D22DB01F100F09FAC /* Live */,
			);
			path = Services;
			sourceTree = "<group>";
		};
		4F25B42022DA573100F09FAC /* Debug */ = {
			isa = PBXGroup;
			children = (
				4F25B47922DB303F00F09FAC /* Player */,
			);
			path = Debug;
			sourceTree = "<group>";
		};
		4F25B42122DA573E00F09FAC /* Player */ = {
			isa = PBXGroup;
			children = (
				4F83537222F68017000B5793 /* Controller */,
				4F83537322F68024000B5793 /* ViewModel */,
				4F83536E22F67F8A000B5793 /* View */,
			);
			path = Player;
			sourceTree = "<group>";
		};
		4F25B42222DA583A00F09FAC /* Setting */ = {
			isa = PBXGroup;
			children = (
			);
			path = Setting;
			sourceTree = "<group>";
		};
		4F25B42322DA586200F09FAC /* Base */ = {
			isa = PBXGroup;
			children = (
				4F25B43022DA5D3100F09FAC /* APNavigationController.h */,
				4F25B43122DA5D3100F09FAC /* APNavigationController.m */,
				4F25B42A22DA5CE800F09FAC /* APViewController.h */,
				4F25B42B22DA5CE800F09FAC /* APViewController.m */,
				4F989CAC22E368220092EE90 /* APTableViewController.h */,
				4F989CAD22E368220092EE90 /* APTableViewController.m */,
				4F25B42D22DA5D0500F09FAC /* APView.h */,
				4F25B42E22DA5D0500F09FAC /* APView.m */,
				4F28BA9322F691740084915D /* APVVMBindingContainer.h */,
				4F28BA9422F691740084915D /* APVVMBindingContainer.m */,
			);
			path = Base;
			sourceTree = "<group>";
		};
		4F25B44D22DB01F100F09FAC /* Live */ = {
			isa = PBXGroup;
			children = (
				4F25B48922DCD86700F09FAC /* APRequestPlatformLivePlayURLProtocol.h */,
				4F989C9B22DE2E440092EE90 /* Hibiki */,
				4F25B48A22DCDDE800F09FAC /* Line */,
				4F25B48122DB8C5A00F09FAC /* Youtube */,
				4F25B44E22DB020500F09FAC /* BiliBili */,
			);
			path = Live;
			sourceTree = "<group>";
		};
		4F25B44E22DB020500F09FAC /* BiliBili */ = {
			isa = PBXGroup;
			children = (
				4F25B44F22DB02BD00F09FAC /* APBiliBiliLive.h */,
				4F25B45022DB02BD00F09FAC /* APBiliBiliLive.m */,
			);
			path = BiliBili;
			sourceTree = "<group>";
		};
		4F25B45222DB044E00F09FAC /* Network */ = {
			isa = PBXGroup;
			children = (
				4F989C9722DE238E0092EE90 /* Hibiki */,
				4F25B48522DCD67600F09FAC /* LineLIve */,
				4F25B47D22DB7E4700F09FAC /* Youtube */,
				4F25B46122DB10C600F09FAC /* BiliBili */,
				4F25B45622DB04C500F09FAC /* NSError+APURLSession.h */,
				4F25B45722DB04C500F09FAC /* NSError+APURLSession.m */,
				4F25B45322DB048000F09FAC /* APURLSession.h */,
				4F25B45422DB048000F09FAC /* APURLSession.m */,
				4F25B45922DB061800F09FAC /* APURLSessionManager.h */,
				4F25B45A22DB061800F09FAC /* APURLSessionManager.m */,
				4F25B46522DB134300F09FAC /* NSURLRequest+APURLRequest.h */,
				4F25B46622DB134300F09FAC /* NSURLRequest+APURLRequest.m */,
			);
			path = Network;
			sourceTree = "<group>";
		};
		4F25B46122DB10C600F09FAC /* BiliBili */ = {
			isa = PBXGroup;
			children = (
				4F25B46222DB10E700F09FAC /* APBiliBiliURLSession.h */,
				4F25B46322DB10E700F09FAC /* APBiliBiliURLSession.m */,
			);
			path = BiliBili;
			sourceTree = "<group>";
		};
		4F25B46D22DB1BF700F09FAC /* AWSLPlayerTests */ = {
			isa = PBXGroup;
			children = (
				4F25B46E22DB1BF700F09FAC /* AWSLPlayerTests.m */,
				4F25B47022DB1BF700F09FAC /* Info.plist */,
			);
			path = AWSLPlayerTests;
			sourceTree = "<group>";
		};
		4F25B47922DB303F00F09FAC /* Player */ = {
			isa = PBXGroup;
			children = (
				4F25B47A22DB306500F09FAC /* APAVPlayerView.h */,
				4F25B47B22DB306500F09FAC /* APAVPlayerView.m */,
			);
			path = Player;
			sourceTree = "<group>";
		};
		4F25B47D22DB7E4700F09FAC /* Youtube */ = {
			isa = PBXGroup;
			children = (
				4F25B47E22DB804100F09FAC /* APYoutubeURLSession.h */,
				4F25B47F22DB804100F09FAC /* APYoutubeURLSession.m */,
			);
			path = Youtube;
			sourceTree = "<group>";
		};
		4F25B48122DB8C5A00F09FAC /* Youtube */ = {
			isa = PBXGroup;
			children = (
				4F25B48222DB8C6800F09FAC /* APYoutubeLive.h */,
				4F25B48322DB8C6800F09FAC /* APYoutubeLive.m */,
			);
			path = Youtube;
			sourceTree = "<group>";
		};
		4F25B48522DCD67600F09FAC /* LineLIve */ = {
			isa = PBXGroup;
			children = (
				4F25B48622DCD68D00F09FAC /* APLineLiveURLSession.h */,
				4F25B48722DCD68D00F09FAC /* APLineLiveURLSession.m */,
			);
			path = LineLIve;
			sourceTree = "<group>";
		};
		4F25B48A22DCDDE800F09FAC /* Line */ = {
			isa = PBXGroup;
			children = (
				4F25B48B22DCDDFA00F09FAC /* APLineLive.h */,
				4F25B48C22DCDDFA00F09FAC /* APLineLive.m */,
			);
			path = Line;
			sourceTree = "<group>";
		};
		4F5C332322DA4F1700D3FCA1 = {
			isa = PBXGroup;
			children = (
				4F25B44A22DA663900F09FAC /* Jetfire.framework */,
				4F25B43322DA5DDF00F09FAC /* QMUIKit.framework */,
				4F5C334C22DA52D300D3FCA1 /* Masonry.framework */,
				4F5C334922DA520E00D3FCA1 /* NSObjectSignals.framework */,
				4F5C334522DA520C00D3FCA1 /* VideoCodecKit.framework */,
				4F5C332E22DA4F1700D3FCA1 /* AWSLPlayer */,
				4F25B46D22DB1BF700F09FAC /* AWSLPlayerTests */,
				4F5C332D22DA4F1700D3FCA1 /* Products */,
			);
			sourceTree = "<group>";
		};
		4F5C332D22DA4F1700D3FCA1 /* Products */ = {
			isa = PBXGroup;
			children = (
				4F5C332C22DA4F1700D3FCA1 /* AWSLPlayer.app */,
				4F25B46C22DB1BF700F09FAC /* AWSLPlayerTests.xctest */,
			);
			name = Products;
			sourceTree = "<group>";
		};
		4F5C332E22DA4F1700D3FCA1 /* AWSLPlayer */ = {
			isa = PBXGroup;
			children = (
				4F25B41E22DA571100F09FAC /* Classes */,
				4F25B41D22DA56F700F09FAC /* Resources */,
				4F5C333D22DA4F1800D3FCA1 /* Info.plist */,
				4F5C333E22DA4F1800D3FCA1 /* main.m */,
			);
			path = AWSLPlayer;
			sourceTree = "<group>";
		};
		4F83536E22F67F8A000B5793 /* View */ = {
			isa = PBXGroup;
			children = (
				4F989CA022E0D43C0092EE90 /* DisplayView */,
				4F989C9F22E0D42A0092EE90 /* ControlView */,
				4F83536F22F6800F000B5793 /* APPlayerView.h */,
				4F83537022F6800F000B5793 /* APPlayerView.m */,
			);
			path = View;
			sourceTree = "<group>";
		};
		4F83537222F68017000B5793 /* Controller */ = {
			isa = PBXGroup;
			children = (
				4F83537722F680AC000B5793 /* APPlayerViewController.h */,
				4F83537822F680AC000B5793 /* APPlayerViewController.m */,
			);
			path = Controller;
			sourceTree = "<group>";
		};
		4F83537322F68024000B5793 /* ViewModel */ = {
			isa = PBXGroup;
			children = (
				4F83537A22F680EC000B5793 /* APPlayerViewModel.h */,
				4F83537B22F680EC000B5793 /* APPlayerViewModel.m */,
			);
			path = ViewModel;
			sourceTree = "<group>";
		};
		4F88D39722F1F0A90019E082 /* Storage */ = {
			isa = PBXGroup;
			children = (
				4F7884F822F0A76F00557981 /* APUserStorageKey.h */,
				4F7884F922F0ADF700557981 /* APUserDefaultKey.h */,
				4FB559D122F5CAF90073BB60 /* APUserStorageHasDefaultProtocol.h */,
				4FEE4C1222F0A45C00BCA528 /* APUserStorageHelper.h */,
				4FEE4C1322F0A45C00BCA528 /* APUserStorageHelper.m */,
				4F989CD822E439580092EE90 /* APUserDefaultHelper.h */,
				4F989CD922E439580092EE90 /* APUserDefaultHelper.m */,
			);
			path = Storage;
			sourceTree = "<group>";
		};
		4F989C9722DE238E0092EE90 /* Hibiki */ = {
			isa = PBXGroup;
			children = (
				4F989C9822DE23A00092EE90 /* APHibikiURLSession.h */,
				4F989C9922DE23A00092EE90 /* APHibikiURLSession.m */,
			);
			path = Hibiki;
			sourceTree = "<group>";
		};
		4F989C9B22DE2E440092EE90 /* Hibiki */ = {
			isa = PBXGroup;
			children = (
				4F989C9C22DE2E580092EE90 /* APHibikiLive.h */,
				4F989C9D22DE2E580092EE90 /* APHibikiLive.m */,
			);
			path = Hibiki;
			sourceTree = "<group>";
		};
		4F989C9F22E0D42A0092EE90 /* ControlView */ = {
			isa = PBXGroup;
			children = (
				4F83538022F68511000B5793 /* APPlayerControlView.h */,
				4F83538122F68511000B5793 /* APPlayerControlView.m */,
			);
			path = ControlView;
			sourceTree = "<group>";
		};
		4F989CA022E0D43C0092EE90 /* DisplayView */ = {
			isa = PBXGroup;
			children = (
				4F83537D22F684C7000B5793 /* APPlayerDisplayView.h */,
				4F83537E22F684C7000B5793 /* APPlayerDisplayView.m */,
			);
			path = DisplayView;
			sourceTree = "<group>";
		};
		4F989CAB22E367530092EE90 /* Homepage */ = {
			isa = PBXGroup;
			children = (
				4F989CF222E8A5C70092EE90 /* AddDDPlayer */,
				4F989CDE22E43FED0092EE90 /* AddLiveRoom */,
				4F989CC022E374010092EE90 /* View */,
				4F989CB222E3683A0092EE90 /* ViewModel */,
				4F989CAF22E368340092EE90 /* APHomepageViewController.h */,
				4F989CB022E368340092EE90 /* APHomepageViewController.m */,
			);
			path = Homepage;
			sourceTree = "<group>";
		};
		4F989CB222E3683A0092EE90 /* ViewModel */ = {
			isa = PBXGroup;
			children = (
				4F989CF322E8A80D0092EE90 /* APHomepageDataSource.h */,
				4F989CF422E8A80D0092EE90 /* APHomepageDataSource.m */,
			);
			path = ViewModel;
			sourceTree = "<group>";
		};
		4F989CC022E374010092EE90 /* View */ = {
			isa = PBXGroup;
			children = (
				4F989CC122E374BD0092EE90 /* APHomepageAddItemPopupView.h */,
				4F989CC222E374BD0092EE90 /* APHomepageAddItemPopupView.m */,
			);
			path = View;
			sourceTree = "<group>";
		};
		4F989CD322E435920092EE90 /* Model */ = {
			isa = PBXGroup;
			children = (
				4F989CD022E432E20092EE90 /* APDDPlayerLayoutModel.h */,
				4F989CD122E432E20092EE90 /* APDDPlayerLayoutModel.m */,
				4F989CCD22E431F50092EE90 /* APDDPlayerModel.h */,
				4F989CCE22E431F50092EE90 /* APDDPlayerModel.m */,
				4F989CC722E431540092EE90 /* APLiveURLModel.h */,
				4F989CC822E431540092EE90 /* APLiveURLModel.m */,
				4F989CCA22E431820092EE90 /* APLiveURLFolderModel.h */,
				4F989CCB22E431820092EE90 /* APLiveURLFolderModel.m */,
				4FB559CE22F5C2990073BB60 /* APModelStorageContainer.h */,
				4FB559CF22F5C2990073BB60 /* APModelStorageContainer.m */,
				4F88D39B22F1F1070019E082 /* APUserStorageHelper+Convinence.h */,
				4F88D39C22F1F1070019E082 /* APUserStorageHelper+Convinence.m */,
			);
			path = Model;
			sourceTree = "<group>";
		};
		4F989CD422E435AB0092EE90 /* Utils */ = {
			isa = PBXGroup;
			children = (
				4F88D39722F1F0A90019E082 /* Storage */,
				4F989CD522E4394A0092EE90 /* APFilePathHelper.h */,
				4F989CD622E4394A0092EE90 /* APFilePathHelper.m */,
			);
			path = Utils;
			sourceTree = "<group>";
		};
		4F989CDE22E43FED0092EE90 /* AddLiveRoom */ = {
			isa = PBXGroup;
			children = (
				4F989CDF22E4400F0092EE90 /* ViewModel */,
				4F989CDB22E43DF10092EE90 /* APAddLiveURLViewController.h */,
				4F989CDC22E43DF10092EE90 /* APAddLiveURLViewController.m */,
			);
			path = AddLiveRoom;
			sourceTree = "<group>";
		};
		4F989CDF22E4400F0092EE90 /* ViewModel */ = {
			isa = PBXGroup;
			children = (
				4F989CE022E440BF0092EE90 /* APAddLiveURLViewDataSource.h */,
				4F989CE122E440BF0092EE90 /* APAddLiveURLViewDataSource.m */,
			);
			path = ViewModel;
			sourceTree = "<group>";
		};
		4F989CE422E448C00092EE90 /* View */ = {
			isa = PBXGroup;
			children = (
				4F989CEE22E467300092EE90 /* APTextFieldInputTableViewCell.h */,
				4F989CEF22E467300092EE90 /* APTextFieldInputTableViewCell.m */,
				4F989CE622E448FD0092EE90 /* APTextViewInputTableViewCell.h */,
				4F989CE722E448FD0092EE90 /* APTextViewInputTableViewCell.m */,
			);
			path = View;
			sourceTree = "<group>";
		};
		4F989CF222E8A5C70092EE90 /* AddDDPlayer */ = {
			isa = PBXGroup;
			children = (
			);
			path = AddDDPlayer;
			sourceTree = "<group>";
		};
/* End PBXGroup section */

/* Begin PBXNativeTarget section */
		4F25B46B22DB1BF700F09FAC /* AWSLPlayerTests */ = {
			isa = PBXNativeTarget;
			buildConfigurationList = 4F25B47322DB1BF700F09FAC /* Build configuration list for PBXNativeTarget "AWSLPlayerTests" */;
			buildPhases = (
				4F25B46822DB1BF700F09FAC /* Sources */,
				4F25B46922DB1BF700F09FAC /* Frameworks */,
				4F25B46A22DB1BF700F09FAC /* Resources */,
			);
			buildRules = (
			);
			dependencies = (
				4F25B47222DB1BF700F09FAC /* PBXTargetDependency */,
			);
			name = AWSLPlayerTests;
			productName = AWSLPlayerTests;
			productReference = 4F25B46C22DB1BF700F09FAC /* AWSLPlayerTests.xctest */;
			productType = "com.apple.product-type.bundle.unit-test";
		};
		4F5C332B22DA4F1700D3FCA1 /* AWSLPlayer */ = {
			isa = PBXNativeTarget;
			buildConfigurationList = 4F5C334222DA4F1800D3FCA1 /* Build configuration list for PBXNativeTarget "AWSLPlayer" */;
			buildPhases = (
				4F5C332822DA4F1700D3FCA1 /* Sources */,
				4F5C332922DA4F1700D3FCA1 /* Frameworks */,
				4F5C332A22DA4F1700D3FCA1 /* Resources */,
				4F5C334822DA520C00D3FCA1 /* Embed Frameworks */,
			);
			buildRules = (
			);
			dependencies = (
			);
			name = AWSLPlayer;
			productName = AWSLPlayer;
			productReference = 4F5C332C22DA4F1700D3FCA1 /* AWSLPlayer.app */;
			productType = "com.apple.product-type.application";
		};
/* End PBXNativeTarget section */

/* Begin PBXProject section */
		4F5C332422DA4F1700D3FCA1 /* Project object */ = {
			isa = PBXProject;
			attributes = {
				LastUpgradeCheck = 1020;
				ORGANIZATIONNAME = eric3u;
				TargetAttributes = {
					4F25B46B22DB1BF700F09FAC = {
						CreatedOnToolsVersion = 10.2.1;
						TestTargetID = 4F5C332B22DA4F1700D3FCA1;
					};
					4F5C332B22DA4F1700D3FCA1 = {
						CreatedOnToolsVersion = 10.2.1;
					};
				};
			};
			buildConfigurationList = 4F5C332722DA4F1700D3FCA1 /* Build configuration list for PBXProject "AWSLPlayer" */;
			compatibilityVersion = "Xcode 9.3";
			developmentRegion = en;
			hasScannedForEncodings = 0;
			knownRegions = (
				en,
				Base,
				"zh-Hans",
			);
			mainGroup = 4F5C332322DA4F1700D3FCA1;
			productRefGroup = 4F5C332D22DA4F1700D3FCA1 /* Products */;
			projectDirPath = "";
			projectRoot = "";
			targets = (
				4F5C332B22DA4F1700D3FCA1 /* AWSLPlayer */,
				4F25B46B22DB1BF700F09FAC /* AWSLPlayerTests */,
			);
		};
/* End PBXProject section */

/* Begin PBXResourcesBuildPhase section */
		4F25B46A22DB1BF700F09FAC /* Resources */ = {
			isa = PBXResourcesBuildPhase;
			buildActionMask = 2147483647;
			files = (
			);
			runOnlyForDeploymentPostprocessing = 0;
		};
		4F5C332A22DA4F1700D3FCA1 /* Resources */ = {
			isa = PBXResourcesBuildPhase;
			buildActionMask = 2147483647;
			files = (
				4F25B45D22DB083200F09FAC /* APMacroHelper.h in Resources */,
				4F5C333C22DA4F1800D3FCA1 /* LaunchScreen.storyboard in Resources */,
				4F5C333922DA4F1800D3FCA1 /* Assets.xcassets in Resources */,
				4F989CB522E36B490092EE90 /* Localizable.strings in Resources */,
				4F989CBC22E36C2E0092EE90 /* InfoPlist.strings in Resources */,
			);
			runOnlyForDeploymentPostprocessing = 0;
		};
/* End PBXResourcesBuildPhase section */

/* Begin PBXSourcesBuildPhase section */
		4F25B46822DB1BF700F09FAC /* Sources */ = {
			isa = PBXSourcesBuildPhase;
			buildActionMask = 2147483647;
			files = (
				4F25B46F22DB1BF700F09FAC /* AWSLPlayerTests.m in Sources */,
			);
			runOnlyForDeploymentPostprocessing = 0;
		};
		4F5C332822DA4F1700D3FCA1 /* Sources */ = {
			isa = PBXSourcesBuildPhase;
			buildActionMask = 2147483647;
			files = (
				4F83537922F680AC000B5793 /* APPlayerViewController.m in Sources */,
				4F5C333422DA4F1700D3FCA1 /* ViewController.m in Sources */,
				4F83537122F6800F000B5793 /* APPlayerView.m in Sources */,
				4F25B48822DCD68D00F09FAC /* APLineLiveURLSession.m in Sources */,
				4F989CCF22E431F50092EE90 /* APDDPlayerModel.m in Sources */,
				4F989CAE22E368220092EE90 /* APTableViewController.m in Sources */,
				4F989C9322DE1A6E0092EE90 /* APLineLive.m in Sources */,
				4F25B47C22DB306500F09FAC /* APAVPlayerView.m in Sources */,
				4F989CDA22E439580092EE90 /* APUserDefaultHelper.m in Sources */,
				4F25B45522DB048000F09FAC /* APURLSession.m in Sources */,
				4F83537C22F680EC000B5793 /* APPlayerViewModel.m in Sources */,
				4F25B45822DB04C500F09FAC /* NSError+APURLSession.m in Sources */,
				4FB559D022F5C2990073BB60 /* APModelStorageContainer.m in Sources */,
				4F989CD222E432E20092EE90 /* APDDPlayerLayoutModel.m in Sources */,
				4F989CC922E431540092EE90 /* APLiveURLModel.m in Sources */,
				4FEE4C1422F0A45C00BCA528 /* APUserStorageHelper.m in Sources */,
				4F989CED22E466FE0092EE90 /* APTextViewInputTableViewCell.m in Sources */,
				4F25B42C22DA5CE800F09FAC /* APViewController.m in Sources */,
				4F88D39D22F1F1070019E082 /* APUserStorageHelper+Convinence.m in Sources */,
				4F989C9A22DE23A00092EE90 /* APHibikiURLSession.m in Sources */,
				4F28BA9522F691740084915D /* APVVMBindingContainer.m in Sources */,
				4F25B48022DB804100F09FAC /* APYoutubeURLSession.m in Sources */,
				4F989CF022E467300092EE90 /* APTextFieldInputTableViewCell.m in Sources */,
				4F989C9422DE1A720092EE90 /* APYoutubeLive.m in Sources */,
				4F989CE222E440BF0092EE90 /* APAddLiveURLViewDataSource.m in Sources */,
				4F25B46422DB10E700F09FAC /* APBiliBiliURLSession.m in Sources */,
				4F989CDD22E43DF10092EE90 /* APAddLiveURLViewController.m in Sources */,
				4F5C333F22DA4F1800D3FCA1 /* main.m in Sources */,
				4F25B46722DB134300F09FAC /* NSURLRequest+APURLRequest.m in Sources */,
				4F5C333122DA4F1700D3FCA1 /* AppDelegate.m in Sources */,
				4F83538222F68511000B5793 /* APPlayerControlView.m in Sources */,
				4F25B43222DA5D3100F09FAC /* APNavigationController.m in Sources */,
				4F989CB122E368340092EE90 /* APHomepageViewController.m in Sources */,
				4F989CCC22E431820092EE90 /* APLiveURLFolderModel.m in Sources */,
				4F989C9E22DE2E580092EE90 /* APHibikiLive.m in Sources */,
				4F25B42F22DA5D0500F09FAC /* APView.m in Sources */,
				4F25B45B22DB061800F09FAC /* APURLSessionManager.m in Sources */,
				4F83537F22F684C7000B5793 /* APPlayerDisplayView.m in Sources */,
				4F989C9622DE1A8E0092EE90 /* APBiliBiliLive.m in Sources */,
				4F989CC322E374BD0092EE90 /* APHomepageAddItemPopupView.m in Sources */,
				4F989CD722E4394A0092EE90 /* APFilePathHelper.m in Sources */,
				4F989CF522E8A80D0092EE90 /* APHomepageDataSource.m in Sources */,
			);
			runOnlyForDeploymentPostprocessing = 0;
		};
/* End PBXSourcesBuildPhase section */

/* Begin PBXTargetDependency section */
		4F25B47222DB1BF700F09FAC /* PBXTargetDependency */ = {
			isa = PBXTargetDependency;
			target = 4F5C332B22DA4F1700D3FCA1 /* AWSLPlayer */;
			targetProxy = 4F25B47122DB1BF700F09FAC /* PBXContainerItemProxy */;
		};
/* End PBXTargetDependency section */

/* Begin PBXVariantGroup section */
		4F5C333A22DA4F1800D3FCA1 /* LaunchScreen.storyboard */ = {
			isa = PBXVariantGroup;
			children = (
				4F5C333B22DA4F1800D3FCA1 /* Base */,
				4F989CB822E36BF90092EE90 /* zh-Hans */,
			);
			name = LaunchScreen.storyboard;
			sourceTree = "<group>";
		};
		4F989CB722E36B490092EE90 /* Localizable.strings */ = {
			isa = PBXVariantGroup;
			children = (
				4F989CB622E36B490092EE90 /* en */,
				4F989CB922E36BF90092EE90 /* zh-Hans */,
			);
			name = Localizable.strings;
			sourceTree = "<group>";
		};
		4F989CBE22E36C2E0092EE90 /* InfoPlist.strings */ = {
			isa = PBXVariantGroup;
			children = (
				4F989CBD22E36C2E0092EE90 /* en */,
				4F989CBF22E36C360092EE90 /* zh-Hans */,
			);
			name = InfoPlist.strings;
			sourceTree = "<group>";
		};
/* End PBXVariantGroup section */

/* Begin XCBuildConfiguration section */
		4F25B47422DB1BF700F09FAC /* Debug */ = {
			isa = XCBuildConfiguration;
			buildSettings = {
				BUNDLE_LOADER = "$(TEST_HOST)";
				CODE_SIGN_STYLE = Automatic;
				DEVELOPMENT_TEAM = 2VQ94C2355;
				INFOPLIST_FILE = AWSLPlayerTests/Info.plist;
				LD_RUNPATH_SEARCH_PATHS = (
					"$(inherited)",
					"@executable_path/Frameworks",
					"@loader_path/Frameworks",
				);
				PRODUCT_BUNDLE_IDENTIFIER = com.eric3u.AWSLPlayerTests;
				PRODUCT_NAME = "$(TARGET_NAME)";
				TARGETED_DEVICE_FAMILY = "1,2";
				TEST_HOST = "$(BUILT_PRODUCTS_DIR)/AWSLPlayer.app/AWSLPlayer";
			};
			name = Debug;
		};
		4F25B47522DB1BF700F09FAC /* Release */ = {
			isa = XCBuildConfiguration;
			buildSettings = {
				BUNDLE_LOADER = "$(TEST_HOST)";
				CODE_SIGN_STYLE = Automatic;
				DEVELOPMENT_TEAM = 2VQ94C2355;
				INFOPLIST_FILE = AWSLPlayerTests/Info.plist;
				LD_RUNPATH_SEARCH_PATHS = (
					"$(inherited)",
					"@executable_path/Frameworks",
					"@loader_path/Frameworks",
				);
				PRODUCT_BUNDLE_IDENTIFIER = com.eric3u.AWSLPlayerTests;
				PRODUCT_NAME = "$(TARGET_NAME)";
				TARGETED_DEVICE_FAMILY = "1,2";
				TEST_HOST = "$(BUILT_PRODUCTS_DIR)/AWSLPlayer.app/AWSLPlayer";
			};
			name = Release;
		};
		4F5C334022DA4F1800D3FCA1 /* Debug */ = {
			isa = XCBuildConfiguration;
			buildSettings = {
				ALWAYS_SEARCH_USER_PATHS = NO;
				CLANG_ANALYZER_LOCALIZABILITY_NONLOCALIZED = YES;
				CLANG_ANALYZER_NONNULL = YES;
				CLANG_ANALYZER_NUMBER_OBJECT_CONVERSION = YES_AGGRESSIVE;
				CLANG_CXX_LANGUAGE_STANDARD = "gnu++14";
				CLANG_CXX_LIBRARY = "libc++";
				CLANG_ENABLE_MODULES = YES;
				CLANG_ENABLE_OBJC_ARC = YES;
				CLANG_ENABLE_OBJC_WEAK = YES;
				CLANG_WARN_BLOCK_CAPTURE_AUTORELEASING = YES;
				CLANG_WARN_BOOL_CONVERSION = YES;
				CLANG_WARN_COMMA = YES;
				CLANG_WARN_CONSTANT_CONVERSION = YES;
				CLANG_WARN_DEPRECATED_OBJC_IMPLEMENTATIONS = YES;
				CLANG_WARN_DIRECT_OBJC_ISA_USAGE = YES_ERROR;
				CLANG_WARN_DOCUMENTATION_COMMENTS = YES;
				CLANG_WARN_EMPTY_BODY = YES;
				CLANG_WARN_ENUM_CONVERSION = YES;
				CLANG_WARN_INFINITE_RECURSION = YES;
				CLANG_WARN_INT_CONVERSION = YES;
				CLANG_WARN_NON_LITERAL_NULL_CONVERSION = YES;
				CLANG_WARN_OBJC_IMPLICIT_RETAIN_SELF = YES;
				CLANG_WARN_OBJC_LITERAL_CONVERSION = YES;
				CLANG_WARN_OBJC_ROOT_CLASS = YES_ERROR;
				CLANG_WARN_RANGE_LOOP_ANALYSIS = YES;
				CLANG_WARN_STRICT_PROTOTYPES = YES;
				CLANG_WARN_SUSPICIOUS_MOVE = YES;
				CLANG_WARN_UNGUARDED_AVAILABILITY = YES_AGGRESSIVE;
				CLANG_WARN_UNREACHABLE_CODE = YES;
				CLANG_WARN__DUPLICATE_METHOD_MATCH = YES;
				CODE_SIGN_IDENTITY = "iPhone Developer";
				COPY_PHASE_STRIP = NO;
				DEBUG_INFORMATION_FORMAT = dwarf;
				ENABLE_STRICT_OBJC_MSGSEND = YES;
				ENABLE_TESTABILITY = YES;
				GCC_C_LANGUAGE_STANDARD = gnu11;
				GCC_DYNAMIC_NO_PIC = NO;
				GCC_NO_COMMON_BLOCKS = YES;
				GCC_OPTIMIZATION_LEVEL = 0;
				GCC_PREPROCESSOR_DEFINITIONS = (
					"DEBUG=1",
					"$(inherited)",
				);
				GCC_WARN_64_TO_32_BIT_CONVERSION = YES;
				GCC_WARN_ABOUT_RETURN_TYPE = YES_ERROR;
				GCC_WARN_UNDECLARED_SELECTOR = YES;
				GCC_WARN_UNINITIALIZED_AUTOS = YES_AGGRESSIVE;
				GCC_WARN_UNUSED_FUNCTION = YES;
				GCC_WARN_UNUSED_VARIABLE = YES;
				IPHONEOS_DEPLOYMENT_TARGET = 12.2;
				MTL_ENABLE_DEBUG_INFO = INCLUDE_SOURCE;
				MTL_FAST_MATH = YES;
				ONLY_ACTIVE_ARCH = YES;
				SDKROOT = iphoneos;
			};
			name = Debug;
		};
		4F5C334122DA4F1800D3FCA1 /* Release */ = {
			isa = XCBuildConfiguration;
			buildSettings = {
				ALWAYS_SEARCH_USER_PATHS = NO;
				CLANG_ANALYZER_LOCALIZABILITY_NONLOCALIZED = YES;
				CLANG_ANALYZER_NONNULL = YES;
				CLANG_ANALYZER_NUMBER_OBJECT_CONVERSION = YES_AGGRESSIVE;
				CLANG_CXX_LANGUAGE_STANDARD = "gnu++14";
				CLANG_CXX_LIBRARY = "libc++";
				CLANG_ENABLE_MODULES = YES;
				CLANG_ENABLE_OBJC_ARC = YES;
				CLANG_ENABLE_OBJC_WEAK = YES;
				CLANG_WARN_BLOCK_CAPTURE_AUTORELEASING = YES;
				CLANG_WARN_BOOL_CONVERSION = YES;
				CLANG_WARN_COMMA = YES;
				CLANG_WARN_CONSTANT_CONVERSION = YES;
				CLANG_WARN_DEPRECATED_OBJC_IMPLEMENTATIONS = YES;
				CLANG_WARN_DIRECT_OBJC_ISA_USAGE = YES_ERROR;
				CLANG_WARN_DOCUMENTATION_COMMENTS = YES;
				CLANG_WARN_EMPTY_BODY = YES;
				CLANG_WARN_ENUM_CONVERSION = YES;
				CLANG_WARN_INFINITE_RECURSION = YES;
				CLANG_WARN_INT_CONVERSION = YES;
				CLANG_WARN_NON_LITERAL_NULL_CONVERSION = YES;
				CLANG_WARN_OBJC_IMPLICIT_RETAIN_SELF = YES;
				CLANG_WARN_OBJC_LITERAL_CONVERSION = YES;
				CLANG_WARN_OBJC_ROOT_CLASS = YES_ERROR;
				CLANG_WARN_RANGE_LOOP_ANALYSIS = YES;
				CLANG_WARN_STRICT_PROTOTYPES = YES;
				CLANG_WARN_SUSPICIOUS_MOVE = YES;
				CLANG_WARN_UNGUARDED_AVAILABILITY = YES_AGGRESSIVE;
				CLANG_WARN_UNREACHABLE_CODE = YES;
				CLANG_WARN__DUPLICATE_METHOD_MATCH = YES;
				CODE_SIGN_IDENTITY = "iPhone Developer";
				COPY_PHASE_STRIP = NO;
				DEBUG_INFORMATION_FORMAT = "dwarf-with-dsym";
				ENABLE_NS_ASSERTIONS = NO;
				ENABLE_STRICT_OBJC_MSGSEND = YES;
				GCC_C_LANGUAGE_STANDARD = gnu11;
				GCC_NO_COMMON_BLOCKS = YES;
				GCC_WARN_64_TO_32_BIT_CONVERSION = YES;
				GCC_WARN_ABOUT_RETURN_TYPE = YES_ERROR;
				GCC_WARN_UNDECLARED_SELECTOR = YES;
				GCC_WARN_UNINITIALIZED_AUTOS = YES_AGGRESSIVE;
				GCC_WARN_UNUSED_FUNCTION = YES;
				GCC_WARN_UNUSED_VARIABLE = YES;
				IPHONEOS_DEPLOYMENT_TARGET = 12.2;
				MTL_ENABLE_DEBUG_INFO = NO;
				MTL_FAST_MATH = YES;
				SDKROOT = iphoneos;
				VALIDATE_PRODUCT = YES;
			};
			name = Release;
		};
		4F5C334322DA4F1800D3FCA1 /* Debug */ = {
			isa = XCBuildConfiguration;
			buildSettings = {
				ASSETCATALOG_COMPILER_APPICON_NAME = AppIcon;
				CODE_SIGN_STYLE = Automatic;
				DEVELOPMENT_TEAM = 2VQ94C2355;
				INFOPLIST_FILE = AWSLPlayer/Info.plist;
				IPHONEOS_DEPLOYMENT_TARGET = 10.0;
				LD_RUNPATH_SEARCH_PATHS = (
					"$(inherited)",
					"@executable_path/Frameworks",
				);
				PRODUCT_BUNDLE_IDENTIFIER = com.eric3u.AWSLPlayer;
				PRODUCT_NAME = "$(TARGET_NAME)";
				TARGETED_DEVICE_FAMILY = "1,2";
			};
			name = Debug;
		};
		4F5C334422DA4F1800D3FCA1 /* Release */ = {
			isa = XCBuildConfiguration;
			buildSettings = {
				ASSETCATALOG_COMPILER_APPICON_NAME = AppIcon;
				CODE_SIGN_STYLE = Automatic;
				DEVELOPMENT_TEAM = 2VQ94C2355;
				INFOPLIST_FILE = AWSLPlayer/Info.plist;
				IPHONEOS_DEPLOYMENT_TARGET = 10.0;
				LD_RUNPATH_SEARCH_PATHS = (
					"$(inherited)",
					"@executable_path/Frameworks",
				);
				PRODUCT_BUNDLE_IDENTIFIER = com.eric3u.AWSLPlayer;
				PRODUCT_NAME = "$(TARGET_NAME)";
				TARGETED_DEVICE_FAMILY = "1,2";
			};
			name = Release;
		};
/* End XCBuildConfiguration section */

/* Begin XCConfigurationList section */
		4F25B47322DB1BF700F09FAC /* Build configuration list for PBXNativeTarget "AWSLPlayerTests" */ = {
			isa = XCConfigurationList;
			buildConfigurations = (
				4F25B47422DB1BF700F09FAC /* Debug */,
				4F25B47522DB1BF700F09FAC /* Release */,
			);
			defaultConfigurationIsVisible = 0;
			defaultConfigurationName = Release;
		};
		4F5C332722DA4F1700D3FCA1 /* Build configuration list for PBXProject "AWSLPlayer" */ = {
			isa = XCConfigurationList;
			buildConfigurations = (
				4F5C334022DA4F1800D3FCA1 /* Debug */,
				4F5C334122DA4F1800D3FCA1 /* Release */,
			);
			defaultConfigurationIsVisible = 0;
			defaultConfigurationName = Release;
		};
		4F5C334222DA4F1800D3FCA1 /* Build configuration list for PBXNativeTarget "AWSLPlayer" */ = {
			isa = XCConfigurationList;
			buildConfigurations = (
				4F5C334322DA4F1800D3FCA1 /* Debug */,
				4F5C334422DA4F1800D3FCA1 /* Release */,
			);
			defaultConfigurationIsVisible = 0;
			defaultConfigurationName = Release;
		};
/* End XCConfigurationList section */
	};
	rootObject = 4F5C332422DA4F1700D3FCA1 /* Project object */;
}
