// !$*UTF8*$!
{
	archiveVersion = 1;
	classes = {
	};
	objectVersion = 50;
	objects = {

/* Begin PBXBuildFile section */
		4F25B42C22DA5CE800F09FAC /* APViewController.m in Sources */ = {isa = PBXBuildFile; fileRef = 4F25B42B22DA5CE800F09FAC /* APViewController.m */; };
		4F25B42F22DA5D0500F09FAC /* APView.m in Sources */ = {isa = PBXBuildFile; fileRef = 4F25B42E22DA5D0500F09FAC /* APView.m */; };
		4F25B43222DA5D3100F09FAC /* APNavigationController.m in Sources */ = {isa = PBXBuildFile; fileRef = 4F25B43122DA5D3100F09FAC /* APNavigationController.m */; };
		4F25B43422DA5DDF00F09FAC /* QMUIKit.framework in Frameworks */ = {isa = PBXBuildFile; fileRef = 4F25B43322DA5DDF00F09FAC /* QMUIKit.framework */; };
		4F25B43522DA5DDF00F09FAC /* QMUIKit.framework in Embed Frameworks */ = {isa = PBXBuildFile; fileRef = 4F25B43322DA5DDF00F09FAC /* QMUIKit.framework */; settings = {ATTRIBUTES = (CodeSignOnCopy, RemoveHeadersOnCopy, ); }; };
		4F25B44B22DA663900F09FAC /* Jetfire.framework in Frameworks */ = {isa = PBXBuildFile; fileRef = 4F25B44A22DA663900F09FAC /* Jetfire.framework */; };
		4F25B44C22DA663900F09FAC /* Jetfire.framework in Embed Frameworks */ = {isa = PBXBuildFile; fileRef = 4F25B44A22DA663900F09FAC /* Jetfire.framework */; settings = {ATTRIBUTES = (CodeSignOnCopy, RemoveHeadersOnCopy, ); }; };
		4F25B45522DB048000F09FAC /* APURLSession.m in Sources */ = {isa = PBXBuildFile; fileRef = 4F25B45422DB048000F09FAC /* APURLSession.m */; };
		4F25B45822DB04C500F09FAC /* NSError+APURLSession.m in Sources */ = {isa = PBXBuildFile; fileRef = 4F25B45722DB04C500F09FAC /* NSError+APURLSession.m */; };
		4F25B45B22DB061800F09FAC /* APURLSessionManager.m in Sources */ = {isa = PBXBuildFile; fileRef = 4F25B45A22DB061800F09FAC /* APURLSessionManager.m */; };
		4F25B45D22DB083200F09FAC /* APMacroHelper.h in Resources */ = {isa = PBXBuildFile; fileRef = 4F25B45C22DB083200F09FAC /* APMacroHelper.h */; };
		4F25B46422DB10E700F09FAC /* APBiliBiliURLSession.m in Sources */ = {isa = PBXBuildFile; fileRef = 4F25B46322DB10E700F09FAC /* APBiliBiliURLSession.m */; };
		4F25B46722DB134300F09FAC /* NSURLRequest+APURLRequest.m in Sources */ = {isa = PBXBuildFile; fileRef = 4F25B46622DB134300F09FAC /* NSURLRequest+APURLRequest.m */; };
		4F25B46F22DB1BF700F09FAC /* AWSLPlayerTests.m in Sources */ = {isa = PBXBuildFile; fileRef = 4F25B46E22DB1BF700F09FAC /* AWSLPlayerTests.m */; };
		4F25B47C22DB306500F09FAC /* APAVPlayerView.m in Sources */ = {isa = PBXBuildFile; fileRef = 4F25B47B22DB306500F09FAC /* APAVPlayerView.m */; };
		4F25B48022DB804100F09FAC /* APYoutubeURLSession.m in Sources */ = {isa = PBXBuildFile; fileRef = 4F25B47F22DB804100F09FAC /* APYoutubeURLSession.m */; };
		4F25B48822DCD68D00F09FAC /* APLineLiveURLSession.m in Sources */ = {isa = PBXBuildFile; fileRef = 4F25B48722DCD68D00F09FAC /* APLineLiveURLSession.m */; };
		4F5C333122DA4F1700D3FCA1 /* AppDelegate.m in Sources */ = {isa = PBXBuildFile; fileRef = 4F5C333022DA4F1700D3FCA1 /* AppDelegate.m */; };
		4F5C333422DA4F1700D3FCA1 /* ViewController.m in Sources */ = {isa = PBXBuildFile; fileRef = 4F5C333322DA4F1700D3FCA1 /* ViewController.m */; };
		4F5C333722DA4F1700D3FCA1 /* Main.storyboard in Resources */ = {isa = PBXBuildFile; fileRef = 4F5C333522DA4F1700D3FCA1 /* Main.storyboard */; };
		4F5C333922DA4F1800D3FCA1 /* Assets.xcassets in Resources */ = {isa = PBXBuildFile; fileRef = 4F5C333822DA4F1800D3FCA1 /* Assets.xcassets */; };
		4F5C333C22DA4F1800D3FCA1 /* LaunchScreen.storyboard in Resources */ = {isa = PBXBuildFile; fileRef = 4F5C333A22DA4F1800D3FCA1 /* LaunchScreen.storyboard */; };
		4F5C333F22DA4F1800D3FCA1 /* main.m in Sources */ = {isa = PBXBuildFile; fileRef = 4F5C333E22DA4F1800D3FCA1 /* main.m */; };
		4F5C334622DA520C00D3FCA1 /* VideoCodecKit.framework in Frameworks */ = {isa = PBXBuildFile; fileRef = 4F5C334522DA520C00D3FCA1 /* VideoCodecKit.framework */; };
		4F5C334722DA520C00D3FCA1 /* VideoCodecKit.framework in Embed Frameworks */ = {isa = PBXBuildFile; fileRef = 4F5C334522DA520C00D3FCA1 /* VideoCodecKit.framework */; settings = {ATTRIBUTES = (CodeSignOnCopy, RemoveHeadersOnCopy, ); }; };
		4F5C334A22DA520E00D3FCA1 /* NSObjectSignals.framework in Frameworks */ = {isa = PBXBuildFile; fileRef = 4F5C334922DA520E00D3FCA1 /* NSObjectSignals.framework */; };
		4F5C334B22DA520E00D3FCA1 /* NSObjectSignals.framework in Embed Frameworks */ = {isa = PBXBuildFile; fileRef = 4F5C334922DA520E00D3FCA1 /* NSObjectSignals.framework */; settings = {ATTRIBUTES = (CodeSignOnCopy, RemoveHeadersOnCopy, ); }; };
		4F5C334D22DA52D300D3FCA1 /* Masonry.framework in Frameworks */ = {isa = PBXBuildFile; fileRef = 4F5C334C22DA52D300D3FCA1 /* Masonry.framework */; };
		4F5C334E22DA52D300D3FCA1 /* Masonry.framework in Embed Frameworks */ = {isa = PBXBuildFile; fileRef = 4F5C334C22DA52D300D3FCA1 /* Masonry.framework */; settings = {ATTRIBUTES = (CodeSignOnCopy, RemoveHeadersOnCopy, ); }; };
		4F989C9322DE1A6E0092EE90 /* APLineLive.m in Sources */ = {isa = PBXBuildFile; fileRef = 4F25B48C22DCDDFA00F09FAC /* APLineLive.m */; };
		4F989C9422DE1A720092EE90 /* APYoutubeLive.m in Sources */ = {isa = PBXBuildFile; fileRef = 4F25B48322DB8C6800F09FAC /* APYoutubeLive.m */; };
		4F989C9622DE1A8E0092EE90 /* APBiliBiliLive.m in Sources */ = {isa = PBXBuildFile; fileRef = 4F25B45022DB02BD00F09FAC /* APBiliBiliLive.m */; };
		4F989C9A22DE23A00092EE90 /* APHibikiURLSession.m in Sources */ = {isa = PBXBuildFile; fileRef = 4F989C9922DE23A00092EE90 /* APHibikiURLSession.m */; };
		4F989C9E22DE2E580092EE90 /* APHibikiLive.m in Sources */ = {isa = PBXBuildFile; fileRef = 4F989C9D22DE2E580092EE90 /* APHibikiLive.m */; };
/* End PBXBuildFile section */

/* Begin PBXContainerItemProxy section */
		4F25B47122DB1BF700F09FAC /* PBXContainerItemProxy */ = {
			isa = PBXContainerItemProxy;
			containerPortal = 4F5C332422DA4F1700D3FCA1 /* Project object */;
			proxyType = 1;
			remoteGlobalIDString = 4F5C332B22DA4F1700D3FCA1;
			remoteInfo = AWSLPlayer;
		};
/* End PBXContainerItemProxy section */

/* Begin PBXCopyFilesBuildPhase section */
		4F5C334822DA520C00D3FCA1 /* Embed Frameworks */ = {
			isa = PBXCopyFilesBuildPhase;
			buildActionMask = 2147483647;
			dstPath = "";
			dstSubfolderSpec = 10;
			files = (
				4F5C334B22DA520E00D3FCA1 /* NSObjectSignals.framework in Embed Frameworks */,
				4F25B43522DA5DDF00F09FAC /* QMUIKit.framework in Embed Frameworks */,
				4F5C334722DA520C00D3FCA1 /* VideoCodecKit.framework in Embed Frameworks */,
				4F5C334E22DA52D300D3FCA1 /* Masonry.framework in Embed Frameworks */,
				4F25B44C22DA663900F09FAC /* Jetfire.framework in Embed Frameworks */,
			);
			name = "Embed Frameworks";
			runOnlyForDeploymentPostprocessing = 0;
		};
/* End PBXCopyFilesBuildPhase section */

/* Begin PBXFileReference section */
		4F25B42A22DA5CE800F09FAC /* APViewController.h */ = {isa = PBXFileReference; lastKnownFileType = sourcecode.c.h; path = APViewController.h; sourceTree = "<group>"; };
		4F25B42B22DA5CE800F09FAC /* APViewController.m */ = {isa = PBXFileReference; lastKnownFileType = sourcecode.c.objc; path = APViewController.m; sourceTree = "<group>"; };
		4F25B42D22DA5D0500F09FAC /* APView.h */ = {isa = PBXFileReference; lastKnownFileType = sourcecode.c.h; path = APView.h; sourceTree = "<group>"; };
		4F25B42E22DA5D0500F09FAC /* APView.m */ = {isa = PBXFileReference; lastKnownFileType = sourcecode.c.objc; path = APView.m; sourceTree = "<group>"; };
		4F25B43022DA5D3100F09FAC /* APNavigationController.h */ = {isa = PBXFileReference; lastKnownFileType = sourcecode.c.h; path = APNavigationController.h; sourceTree = "<group>"; };
		4F25B43122DA5D3100F09FAC /* APNavigationController.m */ = {isa = PBXFileReference; lastKnownFileType = sourcecode.c.objc; path = APNavigationController.m; sourceTree = "<group>"; };
		4F25B43322DA5DDF00F09FAC /* QMUIKit.framework */ = {isa = PBXFileReference; explicitFileType = wrapper.framework; path = QMUIKit.framework; sourceTree = BUILT_PRODUCTS_DIR; };
		4F25B44A22DA663900F09FAC /* Jetfire.framework */ = {isa = PBXFileReference; explicitFileType = wrapper.framework; path = Jetfire.framework; sourceTree = BUILT_PRODUCTS_DIR; };
		4F25B44F22DB02BD00F09FAC /* APBiliBiliLive.h */ = {isa = PBXFileReference; lastKnownFileType = sourcecode.c.h; path = APBiliBiliLive.h; sourceTree = "<group>"; };
		4F25B45022DB02BD00F09FAC /* APBiliBiliLive.m */ = {isa = PBXFileReference; lastKnownFileType = sourcecode.c.objc; path = APBiliBiliLive.m; sourceTree = "<group>"; };
		4F25B45322DB048000F09FAC /* APURLSession.h */ = {isa = PBXFileReference; lastKnownFileType = sourcecode.c.h; path = APURLSession.h; sourceTree = "<group>"; };
		4F25B45422DB048000F09FAC /* APURLSession.m */ = {isa = PBXFileReference; lastKnownFileType = sourcecode.c.objc; path = APURLSession.m; sourceTree = "<group>"; };
		4F25B45622DB04C500F09FAC /* NSError+APURLSession.h */ = {isa = PBXFileReference; lastKnownFileType = sourcecode.c.h; path = "NSError+APURLSession.h"; sourceTree = "<group>"; };
		4F25B45722DB04C500F09FAC /* NSError+APURLSession.m */ = {isa = PBXFileReference; lastKnownFileType = sourcecode.c.objc; path = "NSError+APURLSession.m"; sourceTree = "<group>"; };
		4F25B45922DB061800F09FAC /* APURLSessionManager.h */ = {isa = PBXFileReference; lastKnownFileType = sourcecode.c.h; path = APURLSessionManager.h; sourceTree = "<group>"; };
		4F25B45A22DB061800F09FAC /* APURLSessionManager.m */ = {isa = PBXFileReference; lastKnownFileType = sourcecode.c.objc; path = APURLSessionManager.m; sourceTree = "<group>"; };
		4F25B45C22DB083200F09FAC /* APMacroHelper.h */ = {isa = PBXFileReference; lastKnownFileType = sourcecode.c.h; path = APMacroHelper.h; sourceTree = "<group>"; };
		4F25B46222DB10E700F09FAC /* APBiliBiliURLSession.h */ = {isa = PBXFileReference; lastKnownFileType = sourcecode.c.h; path = APBiliBiliURLSession.h; sourceTree = "<group>"; };
		4F25B46322DB10E700F09FAC /* APBiliBiliURLSession.m */ = {isa = PBXFileReference; lastKnownFileType = sourcecode.c.objc; path = APBiliBiliURLSession.m; sourceTree = "<group>"; };
		4F25B46522DB134300F09FAC /* NSURLRequest+APURLRequest.h */ = {isa = PBXFileReference; lastKnownFileType = sourcecode.c.h; path = "NSURLRequest+APURLRequest.h"; sourceTree = "<group>"; };
		4F25B46622DB134300F09FAC /* NSURLRequest+APURLRequest.m */ = {isa = PBXFileReference; lastKnownFileType = sourcecode.c.objc; path = "NSURLRequest+APURLRequest.m"; sourceTree = "<group>"; };
		4F25B46C22DB1BF700F09FAC /* AWSLPlayerTests.xctest */ = {isa = PBXFileReference; explicitFileType = wrapper.cfbundle; includeInIndex = 0; path = AWSLPlayerTests.xctest; sourceTree = BUILT_PRODUCTS_DIR; };
		4F25B46E22DB1BF700F09FAC /* AWSLPlayerTests.m */ = {isa = PBXFileReference; lastKnownFileType = sourcecode.c.objc; path = AWSLPlayerTests.m; sourceTree = "<group>"; };
		4F25B47022DB1BF700F09FAC /* Info.plist */ = {isa = PBXFileReference; lastKnownFileType = text.plist.xml; path = Info.plist; sourceTree = "<group>"; };
		4F25B47A22DB306500F09FAC /* APAVPlayerView.h */ = {isa = PBXFileReference; lastKnownFileType = sourcecode.c.h; path = APAVPlayerView.h; sourceTree = "<group>"; };
		4F25B47B22DB306500F09FAC /* APAVPlayerView.m */ = {isa = PBXFileReference; lastKnownFileType = sourcecode.c.objc; path = APAVPlayerView.m; sourceTree = "<group>"; };
		4F25B47E22DB804100F09FAC /* APYoutubeURLSession.h */ = {isa = PBXFileReference; lastKnownFileType = sourcecode.c.h; path = APYoutubeURLSession.h; sourceTree = "<group>"; };
		4F25B47F22DB804100F09FAC /* APYoutubeURLSession.m */ = {isa = PBXFileReference; lastKnownFileType = sourcecode.c.objc; path = APYoutubeURLSession.m; sourceTree = "<group>"; };
		4F25B48222DB8C6800F09FAC /* APYoutubeLive.h */ = {isa = PBXFileReference; lastKnownFileType = sourcecode.c.h; path = APYoutubeLive.h; sourceTree = "<group>"; };
		4F25B48322DB8C6800F09FAC /* APYoutubeLive.m */ = {isa = PBXFileReference; lastKnownFileType = sourcecode.c.objc; path = APYoutubeLive.m; sourceTree = "<group>"; };
		4F25B48622DCD68D00F09FAC /* APLineLiveURLSession.h */ = {isa = PBXFileReference; lastKnownFileType = sourcecode.c.h; path = APLineLiveURLSession.h; sourceTree = "<group>"; };
		4F25B48722DCD68D00F09FAC /* APLineLiveURLSession.m */ = {isa = PBXFileReference; lastKnownFileType = sourcecode.c.objc; path = APLineLiveURLSession.m; sourceTree = "<group>"; };
		4F25B48922DCD86700F09FAC /* APRequestPlatformLivePlayURLProtocol.h */ = {isa = PBXFileReference; lastKnownFileType = sourcecode.c.h; path = APRequestPlatformLivePlayURLProtocol.h; sourceTree = "<group>"; };
		4F25B48B22DCDDFA00F09FAC /* APLineLive.h */ = {isa = PBXFileReference; lastKnownFileType = sourcecode.c.h; path = APLineLive.h; sourceTree = "<group>"; };
		4F25B48C22DCDDFA00F09FAC /* APLineLive.m */ = {isa = PBXFileReference; lastKnownFileType = sourcecode.c.objc; path = APLineLive.m; sourceTree = "<group>"; };
		4F5C332C22DA4F1700D3FCA1 /* AWSLPlayer.app */ = {isa = PBXFileReference; explicitFileType = wrapper.application; includeInIndex = 0; path = AWSLPlayer.app; sourceTree = BUILT_PRODUCTS_DIR; };
		4F5C332F22DA4F1700D3FCA1 /* AppDelegate.h */ = {isa = PBXFileReference; lastKnownFileType = sourcecode.c.h; path = AppDelegate.h; sourceTree = "<group>"; };
		4F5C333022DA4F1700D3FCA1 /* AppDelegate.m */ = {isa = PBXFileReference; lastKnownFileType = sourcecode.c.objc; path = AppDelegate.m; sourceTree = "<group>"; };
		4F5C333222DA4F1700D3FCA1 /* ViewController.h */ = {isa = PBXFileReference; lastKnownFileType = sourcecode.c.h; path = ViewController.h; sourceTree = "<group>"; };
		4F5C333322DA4F1700D3FCA1 /* ViewController.m */ = {isa = PBXFileReference; lastKnownFileType = sourcecode.c.objc; path = ViewController.m; sourceTree = "<group>"; };
		4F5C333622DA4F1700D3FCA1 /* Base */ = {isa = PBXFileReference; lastKnownFileType = file.storyboard; name = Base; path = Base.lproj/Main.storyboard; sourceTree = "<group>"; };
		4F5C333822DA4F1800D3FCA1 /* Assets.xcassets */ = {isa = PBXFileReference; lastKnownFileType = folder.assetcatalog; path = Assets.xcassets; sourceTree = "<group>"; };
		4F5C333B22DA4F1800D3FCA1 /* Base */ = {isa = PBXFileReference; lastKnownFileType = file.storyboard; name = Base; path = Base.lproj/LaunchScreen.storyboard; sourceTree = "<group>"; };
		4F5C333D22DA4F1800D3FCA1 /* Info.plist */ = {isa = PBXFileReference; lastKnownFileType = text.plist.xml; path = Info.plist; sourceTree = "<group>"; };
		4F5C333E22DA4F1800D3FCA1 /* main.m */ = {isa = PBXFileReference; lastKnownFileType = sourcecode.c.objc; path = main.m; sourceTree = "<group>"; };
		4F5C334522DA520C00D3FCA1 /* VideoCodecKit.framework */ = {isa = PBXFileReference; explicitFileType = wrapper.framework; path = VideoCodecKit.framework; sourceTree = BUILT_PRODUCTS_DIR; };
		4F5C334922DA520E00D3FCA1 /* NSObjectSignals.framework */ = {isa = PBXFileReference; explicitFileType = wrapper.framework; path = NSObjectSignals.framework; sourceTree = BUILT_PRODUCTS_DIR; };
		4F5C334C22DA52D300D3FCA1 /* Masonry.framework */ = {isa = PBXFileReference; explicitFileType = wrapper.framework; path = Masonry.framework; sourceTree = BUILT_PRODUCTS_DIR; };
		4F989C9822DE23A00092EE90 /* APHibikiURLSession.h */ = {isa = PBXFileReference; lastKnownFileType = sourcecode.c.h; path = APHibikiURLSession.h; sourceTree = "<group>"; };
		4F989C9922DE23A00092EE90 /* APHibikiURLSession.m */ = {isa = PBXFileReference; lastKnownFileType = sourcecode.c.objc; path = APHibikiURLSession.m; sourceTree = "<group>"; };
		4F989C9C22DE2E580092EE90 /* APHibikiLive.h */ = {isa = PBXFileReference; lastKnownFileType = sourcecode.c.h; path = APHibikiLive.h; sourceTree = "<group>"; };
		4F989C9D22DE2E580092EE90 /* APHibikiLive.m */ = {isa = PBXFileReference; lastKnownFileType = sourcecode.c.objc; path = APHibikiLive.m; sourceTree = "<group>"; };
/* End PBXFileReference section */

/* Begin PBXFrameworksBuildPhase section */
		4F25B46922DB1BF700F09FAC /* Frameworks */ = {
			isa = PBXFrameworksBuildPhase;
			buildActionMask = 2147483647;
			files = (
			);
			runOnlyForDeploymentPostprocessing = 0;
		};
		4F5C332922DA4F1700D3FCA1 /* Frameworks */ = {
			isa = PBXFrameworksBuildPhase;
			buildActionMask = 2147483647;
			files = (
				4F5C334A22DA520E00D3FCA1 /* NSObjectSignals.framework in Frameworks */,
				4F25B43422DA5DDF00F09FAC /* QMUIKit.framework in Frameworks */,
				4F5C334622DA520C00D3FCA1 /* VideoCodecKit.framework in Frameworks */,
				4F5C334D22DA52D300D3FCA1 /* Masonry.framework in Frameworks */,
				4F25B44B22DA663900F09FAC /* Jetfire.framework in Frameworks */,
			);
			runOnlyForDeploymentPostprocessing = 0;
		};
/* End PBXFrameworksBuildPhase section */

/* Begin PBXGroup section */
		4F25B41D22DA56F700F09FAC /* Resources */ = {
			isa = PBXGroup;
			children = (
				4F5C333822DA4F1800D3FCA1 /* Assets.xcassets */,
				4F5C333A22DA4F1800D3FCA1 /* LaunchScreen.storyboard */,
				4F5C333522DA4F1700D3FCA1 /* Main.storyboard */,
			);
			path = Resources;
			sourceTree = "<group>";
		};
		4F25B41E22DA571100F09FAC /* Classes */ = {
			isa = PBXGroup;
			children = (
				4F25B42322DA586200F09FAC /* Base */,
				4F25B42222DA583A00F09FAC /* Setting */,
				4F25B42122DA573E00F09FAC /* Player */,
				4F25B42022DA573100F09FAC /* Debug */,
				4F25B41F22DA571B00F09FAC /* Services */,
				4F5C332F22DA4F1700D3FCA1 /* AppDelegate.h */,
				4F5C333022DA4F1700D3FCA1 /* AppDelegate.m */,
				4F25B45C22DB083200F09FAC /* APMacroHelper.h */,
			);
			path = Classes;
			sourceTree = "<group>";
		};
		4F25B41F22DA571B00F09FAC /* Services */ = {
			isa = PBXGroup;
			children = (
				4F25B45222DB044E00F09FAC /* Network */,
				4F25B44D22DB01F100F09FAC /* Live */,
			);
			path = Services;
			sourceTree = "<group>";
		};
		4F25B42022DA573100F09FAC /* Debug */ = {
			isa = PBXGroup;
			children = (
				4F25B47922DB303F00F09FAC /* Player */,
			);
			path = Debug;
			sourceTree = "<group>";
		};
		4F25B42122DA573E00F09FAC /* Player */ = {
			isa = PBXGroup;
			children = (
				4F5C333222DA4F1700D3FCA1 /* ViewController.h */,
				4F5C333322DA4F1700D3FCA1 /* ViewController.m */,
			);
			path = Player;
			sourceTree = "<group>";
		};
		4F25B42222DA583A00F09FAC /* Setting */ = {
			isa = PBXGroup;
			children = (
			);
			path = Setting;
			sourceTree = "<group>";
		};
		4F25B42322DA586200F09FAC /* Base */ = {
			isa = PBXGroup;
			children = (
				4F25B43022DA5D3100F09FAC /* APNavigationController.h */,
				4F25B43122DA5D3100F09FAC /* APNavigationController.m */,
				4F25B42A22DA5CE800F09FAC /* APViewController.h */,
				4F25B42B22DA5CE800F09FAC /* APViewController.m */,
				4F25B42D22DA5D0500F09FAC /* APView.h */,
				4F25B42E22DA5D0500F09FAC /* APView.m */,
			);
			path = Base;
			sourceTree = "<group>";
		};
		4F25B44D22DB01F100F09FAC /* Live */ = {
			isa = PBXGroup;
			children = (
				4F25B48922DCD86700F09FAC /* APRequestPlatformLivePlayURLProtocol.h */,
				4F989C9B22DE2E440092EE90 /* Hibiki */,
				4F25B48A22DCDDE800F09FAC /* Line */,
				4F25B48122DB8C5A00F09FAC /* Youtube */,
				4F25B44E22DB020500F09FAC /* BiliBili */,
			);
			path = Live;
			sourceTree = "<group>";
		};
		4F25B44E22DB020500F09FAC /* BiliBili */ = {
			isa = PBXGroup;
			children = (
				4F25B44F22DB02BD00F09FAC /* APBiliBiliLive.h */,
				4F25B45022DB02BD00F09FAC /* APBiliBiliLive.m */,
			);
			path = BiliBili;
			sourceTree = "<group>";
		};
		4F25B45222DB044E00F09FAC /* Network */ = {
			isa = PBXGroup;
			children = (
				4F989C9722DE238E0092EE90 /* Hibiki */,
				4F25B48522DCD67600F09FAC /* LineLIve */,
				4F25B47D22DB7E4700F09FAC /* Youtube */,
				4F25B46122DB10C600F09FAC /* BiliBili */,
				4F25B45622DB04C500F09FAC /* NSError+APURLSession.h */,
				4F25B45722DB04C500F09FAC /* NSError+APURLSession.m */,
				4F25B45322DB048000F09FAC /* APURLSession.h */,
				4F25B45422DB048000F09FAC /* APURLSession.m */,
				4F25B45922DB061800F09FAC /* APURLSessionManager.h */,
				4F25B45A22DB061800F09FAC /* APURLSessionManager.m */,
				4F25B46522DB134300F09FAC /* NSURLRequest+APURLRequest.h */,
				4F25B46622DB134300F09FAC /* NSURLRequest+APURLRequest.m */,
			);
			path = Network;
			sourceTree = "<group>";
		};
		4F25B46122DB10C600F09FAC /* BiliBili */ = {
			isa = PBXGroup;
			children = (
				4F25B46222DB10E700F09FAC /* APBiliBiliURLSession.h */,
				4F25B46322DB10E700F09FAC /* APBiliBiliURLSession.m */,
			);
			path = BiliBili;
			sourceTree = "<group>";
		};
		4F25B46D22DB1BF700F09FAC /* AWSLPlayerTests */ = {
			isa = PBXGroup;
			children = (
				4F25B46E22DB1BF700F09FAC /* AWSLPlayerTests.m */,
				4F25B47022DB1BF700F09FAC /* Info.plist */,
			);
			path = AWSLPlayerTests;
			sourceTree = "<group>";
		};
		4F25B47922DB303F00F09FAC /* Player */ = {
			isa = PBXGroup;
			children = (
				4F25B47A22DB306500F09FAC /* APAVPlayerView.h */,
				4F25B47B22DB306500F09FAC /* APAVPlayerView.m */,
			);
			path = Player;
			sourceTree = "<group>";
		};
		4F25B47D22DB7E4700F09FAC /* Youtube */ = {
			isa = PBXGroup;
			children = (
				4F25B47E22DB804100F09FAC /* APYoutubeURLSession.h */,
				4F25B47F22DB804100F09FAC /* APYoutubeURLSession.m */,
			);
			path = Youtube;
			sourceTree = "<group>";
		};
		4F25B48122DB8C5A00F09FAC /* Youtube */ = {
			isa = PBXGroup;
			children = (
				4F25B48222DB8C6800F09FAC /* APYoutubeLive.h */,
				4F25B48322DB8C6800F09FAC /* APYoutubeLive.m */,
			);
			path = Youtube;
			sourceTree = "<group>";
		};
		4F25B48522DCD67600F09FAC /* LineLIve */ = {
			isa = PBXGroup;
			children = (
				4F25B48622DCD68D00F09FAC /* APLineLiveURLSession.h */,
				4F25B48722DCD68D00F09FAC /* APLineLiveURLSession.m */,
			);
			path = LineLIve;
			sourceTree = "<group>";
		};
		4F25B48A22DCDDE800F09FAC /* Line */ = {
			isa = PBXGroup;
			children = (
				4F25B48B22DCDDFA00F09FAC /* APLineLive.h */,
				4F25B48C22DCDDFA00F09FAC /* APLineLive.m */,
			);
			path = Line;
			sourceTree = "<group>";
		};
		4F5C332322DA4F1700D3FCA1 = {
			isa = PBXGroup;
			children = (
				4F25B44A22DA663900F09FAC /* Jetfire.framework */,
				4F25B43322DA5DDF00F09FAC /* QMUIKit.framework */,
				4F5C334C22DA52D300D3FCA1 /* Masonry.framework */,
				4F5C334922DA520E00D3FCA1 /* NSObjectSignals.framework */,
				4F5C334522DA520C00D3FCA1 /* VideoCodecKit.framework */,
				4F5C332E22DA4F1700D3FCA1 /* AWSLPlayer */,
				4F25B46D22DB1BF700F09FAC /* AWSLPlayerTests */,
				4F5C332D22DA4F1700D3FCA1 /* Products */,
			);
			sourceTree = "<group>";
		};
		4F5C332D22DA4F1700D3FCA1 /* Products */ = {
			isa = PBXGroup;
			children = (
				4F5C332C22DA4F1700D3FCA1 /* AWSLPlayer.app */,
				4F25B46C22DB1BF700F09FAC /* AWSLPlayerTests.xctest */,
			);
			name = Products;
			sourceTree = "<group>";
		};
		4F5C332E22DA4F1700D3FCA1 /* AWSLPlayer */ = {
			isa = PBXGroup;
			children = (
				4F25B41E22DA571100F09FAC /* Classes */,
				4F25B41D22DA56F700F09FAC /* Resources */,
				4F5C333D22DA4F1800D3FCA1 /* Info.plist */,
				4F5C333E22DA4F1800D3FCA1 /* main.m */,
			);
			path = AWSLPlayer;
			sourceTree = "<group>";
		};
		4F989C9722DE238E0092EE90 /* Hibiki */ = {
			isa = PBXGroup;
			children = (
				4F989C9822DE23A00092EE90 /* APHibikiURLSession.h */,
				4F989C9922DE23A00092EE90 /* APHibikiURLSession.m */,
			);
			path = Hibiki;
			sourceTree = "<group>";
		};
		4F989C9B22DE2E440092EE90 /* Hibiki */ = {
			isa = PBXGroup;
			children = (
				4F989C9C22DE2E580092EE90 /* APHibikiLive.h */,
				4F989C9D22DE2E580092EE90 /* APHibikiLive.m */,
			);
			path = Hibiki;
			sourceTree = "<group>";
		};
/* End PBXGroup section */

/* Begin PBXNativeTarget section */
		4F25B46B22DB1BF700F09FAC /* AWSLPlayerTests */ = {
			isa = PBXNativeTarget;
			buildConfigurationList = 4F25B47322DB1BF700F09FAC /* Build configuration list for PBXNativeTarget "AWSLPlayerTests" */;
			buildPhases = (
				4F25B46822DB1BF700F09FAC /* Sources */,
				4F25B46922DB1BF700F09FAC /* Frameworks */,
				4F25B46A22DB1BF700F09FAC /* Resources */,
			);
			buildRules = (
			);
			dependencies = (
				4F25B47222DB1BF700F09FAC /* PBXTargetDependency */,
			);
			name = AWSLPlayerTests;
			productName = AWSLPlayerTests;
			productReference = 4F25B46C22DB1BF700F09FAC /* AWSLPlayerTests.xctest */;
			productType = "com.apple.product-type.bundle.unit-test";
		};
		4F5C332B22DA4F1700D3FCA1 /* AWSLPlayer */ = {
			isa = PBXNativeTarget;
			buildConfigurationList = 4F5C334222DA4F1800D3FCA1 /* Build configuration list for PBXNativeTarget "AWSLPlayer" */;
			buildPhases = (
				4F5C332822DA4F1700D3FCA1 /* Sources */,
				4F5C332922DA4F1700D3FCA1 /* Frameworks */,
				4F5C332A22DA4F1700D3FCA1 /* Resources */,
				4F5C334822DA520C00D3FCA1 /* Embed Frameworks */,
			);
			buildRules = (
			);
			dependencies = (
			);
			name = AWSLPlayer;
			productName = AWSLPlayer;
			productReference = 4F5C332C22DA4F1700D3FCA1 /* AWSLPlayer.app */;
			productType = "com.apple.product-type.application";
		};
/* End PBXNativeTarget section */

/* Begin PBXProject section */
		4F5C332422DA4F1700D3FCA1 /* Project object */ = {
			isa = PBXProject;
			attributes = {
				LastUpgradeCheck = 1020;
				ORGANIZATIONNAME = eric3u;
				TargetAttributes = {
					4F25B46B22DB1BF700F09FAC = {
						CreatedOnToolsVersion = 10.2.1;
						TestTargetID = 4F5C332B22DA4F1700D3FCA1;
					};
					4F5C332B22DA4F1700D3FCA1 = {
						CreatedOnToolsVersion = 10.2.1;
					};
				};
			};
			buildConfigurationList = 4F5C332722DA4F1700D3FCA1 /* Build configuration list for PBXProject "AWSLPlayer" */;
			compatibilityVersion = "Xcode 9.3";
			developmentRegion = en;
			hasScannedForEncodings = 0;
			knownRegions = (
				en,
				Base,
			);
			mainGroup = 4F5C332322DA4F1700D3FCA1;
			productRefGroup = 4F5C332D22DA4F1700D3FCA1 /* Products */;
			projectDirPath = "";
			projectRoot = "";
			targets = (
				4F5C332B22DA4F1700D3FCA1 /* AWSLPlayer */,
				4F25B46B22DB1BF700F09FAC /* AWSLPlayerTests */,
			);
		};
/* End PBXProject section */

/* Begin PBXResourcesBuildPhase section */
		4F25B46A22DB1BF700F09FAC /* Resources */ = {
			isa = PBXResourcesBuildPhase;
			buildActionMask = 2147483647;
			files = (
			);
			runOnlyForDeploymentPostprocessing = 0;
		};
		4F5C332A22DA4F1700D3FCA1 /* Resources */ = {
			isa = PBXResourcesBuildPhase;
			buildActionMask = 2147483647;
			files = (
				4F25B45D22DB083200F09FAC /* APMacroHelper.h in Resources */,
				4F5C333C22DA4F1800D3FCA1 /* LaunchScreen.storyboard in Resources */,
				4F5C333922DA4F1800D3FCA1 /* Assets.xcassets in Resources */,
				4F5C333722DA4F1700D3FCA1 /* Main.storyboard in Resources */,
			);
			runOnlyForDeploymentPostprocessing = 0;
		};
/* End PBXResourcesBuildPhase section */

/* Begin PBXSourcesBuildPhase section */
		4F25B46822DB1BF700F09FAC /* Sources */ = {
			isa = PBXSourcesBuildPhase;
			buildActionMask = 2147483647;
			files = (
				4F25B46F22DB1BF700F09FAC /* AWSLPlayerTests.m in Sources */,
			);
			runOnlyForDeploymentPostprocessing = 0;
		};
		4F5C332822DA4F1700D3FCA1 /* Sources */ = {
			isa = PBXSourcesBuildPhase;
			buildActionMask = 2147483647;
			files = (
				4F5C333422DA4F1700D3FCA1 /* ViewController.m in Sources */,
				4F25B48822DCD68D00F09FAC /* APLineLiveURLSession.m in Sources */,
				4F989C9322DE1A6E0092EE90 /* APLineLive.m in Sources */,
				4F25B47C22DB306500F09FAC /* APAVPlayerView.m in Sources */,
				4F25B45522DB048000F09FAC /* APURLSession.m in Sources */,
				4F25B45822DB04C500F09FAC /* NSError+APURLSession.m in Sources */,
				4F25B42C22DA5CE800F09FAC /* APViewController.m in Sources */,
				4F989C9A22DE23A00092EE90 /* APHibikiURLSession.m in Sources */,
				4F25B48022DB804100F09FAC /* APYoutubeURLSession.m in Sources */,
				4F989C9422DE1A720092EE90 /* APYoutubeLive.m in Sources */,
				4F25B46422DB10E700F09FAC /* APBiliBiliURLSession.m in Sources */,
				4F5C333F22DA4F1800D3FCA1 /* main.m in Sources */,
				4F25B46722DB134300F09FAC /* NSURLRequest+APURLRequest.m in Sources */,
				4F5C333122DA4F1700D3FCA1 /* AppDelegate.m in Sources */,
				4F25B43222DA5D3100F09FAC /* APNavigationController.m in Sources */,
				4F989C9E22DE2E580092EE90 /* APHibikiLive.m in Sources */,
				4F25B42F22DA5D0500F09FAC /* APView.m in Sources */,
				4F25B45B22DB061800F09FAC /* APURLSessionManager.m in Sources */,
				4F989C9622DE1A8E0092EE90 /* APBiliBiliLive.m in Sources */,
			);
			runOnlyForDeploymentPostprocessing = 0;
		};
/* End PBXSourcesBuildPhase section */

/* Begin PBXTargetDependency section */
		4F25B47222DB1BF700F09FAC /* PBXTargetDependency */ = {
			isa = PBXTargetDependency;
			target = 4F5C332B22DA4F1700D3FCA1 /* AWSLPlayer */;
			targetProxy = 4F25B47122DB1BF700F09FAC /* PBXContainerItemProxy */;
		};
/* End PBXTargetDependency section */

/* Begin PBXVariantGroup section */
		4F5C333522DA4F1700D3FCA1 /* Main.storyboard */ = {
			isa = PBXVariantGroup;
			children = (
				4F5C333622DA4F1700D3FCA1 /* Base */,
			);
			name = Main.storyboard;
			sourceTree = "<group>";
		};
		4F5C333A22DA4F1800D3FCA1 /* LaunchScreen.storyboard */ = {
			isa = PBXVariantGroup;
			children = (
				4F5C333B22DA4F1800D3FCA1 /* Base */,
			);
			name = LaunchScreen.storyboard;
			sourceTree = "<group>";
		};
/* End PBXVariantGroup section */

/* Begin XCBuildConfiguration section */
		4F25B47422DB1BF700F09FAC /* Debug */ = {
			isa = XCBuildConfiguration;
			buildSettings = {
				BUNDLE_LOADER = "$(TEST_HOST)";
				CODE_SIGN_STYLE = Automatic;
				DEVELOPMENT_TEAM = 2VQ94C2355;
				INFOPLIST_FILE = AWSLPlayerTests/Info.plist;
				LD_RUNPATH_SEARCH_PATHS = (
					"$(inherited)",
					"@executable_path/Frameworks",
					"@loader_path/Frameworks",
				);
				PRODUCT_BUNDLE_IDENTIFIER = com.eric3u.AWSLPlayerTests;
				PRODUCT_NAME = "$(TARGET_NAME)";
				TARGETED_DEVICE_FAMILY = "1,2";
				TEST_HOST = "$(BUILT_PRODUCTS_DIR)/AWSLPlayer.app/AWSLPlayer";
			};
			name = Debug;
		};
		4F25B47522DB1BF700F09FAC /* Release */ = {
			isa = XCBuildConfiguration;
			buildSettings = {
				BUNDLE_LOADER = "$(TEST_HOST)";
				CODE_SIGN_STYLE = Automatic;
				DEVELOPMENT_TEAM = 2VQ94C2355;
				INFOPLIST_FILE = AWSLPlayerTests/Info.plist;
				LD_RUNPATH_SEARCH_PATHS = (
					"$(inherited)",
					"@executable_path/Frameworks",
					"@loader_path/Frameworks",
				);
				PRODUCT_BUNDLE_IDENTIFIER = com.eric3u.AWSLPlayerTests;
				PRODUCT_NAME = "$(TARGET_NAME)";
				TARGETED_DEVICE_FAMILY = "1,2";
				TEST_HOST = "$(BUILT_PRODUCTS_DIR)/AWSLPlayer.app/AWSLPlayer";
			};
			name = Release;
		};
		4F5C334022DA4F1800D3FCA1 /* Debug */ = {
			isa = XCBuildConfiguration;
			buildSettings = {
				ALWAYS_SEARCH_USER_PATHS = NO;
				CLANG_ANALYZER_NONNULL = YES;
				CLANG_ANALYZER_NUMBER_OBJECT_CONVERSION = YES_AGGRESSIVE;
				CLANG_CXX_LANGUAGE_STANDARD = "gnu++14";
				CLANG_CXX_LIBRARY = "libc++";
				CLANG_ENABLE_MODULES = YES;
				CLANG_ENABLE_OBJC_ARC = YES;
				CLANG_ENABLE_OBJC_WEAK = YES;
				CLANG_WARN_BLOCK_CAPTURE_AUTORELEASING = YES;
				CLANG_WARN_BOOL_CONVERSION = YES;
				CLANG_WARN_COMMA = YES;
				CLANG_WARN_CONSTANT_CONVERSION = YES;
				CLANG_WARN_DEPRECATED_OBJC_IMPLEMENTATIONS = YES;
				CLANG_WARN_DIRECT_OBJC_ISA_USAGE = YES_ERROR;
				CLANG_WARN_DOCUMENTATION_COMMENTS = YES;
				CLANG_WARN_EMPTY_BODY = YES;
				CLANG_WARN_ENUM_CONVERSION = YES;
				CLANG_WARN_INFINITE_RECURSION = YES;
				CLANG_WARN_INT_CONVERSION = YES;
				CLANG_WARN_NON_LITERAL_NULL_CONVERSION = YES;
				CLANG_WARN_OBJC_IMPLICIT_RETAIN_SELF = YES;
				CLANG_WARN_OBJC_LITERAL_CONVERSION = YES;
				CLANG_WARN_OBJC_ROOT_CLASS = YES_ERROR;
				CLANG_WARN_RANGE_LOOP_ANALYSIS = YES;
				CLANG_WARN_STRICT_PROTOTYPES = YES;
				CLANG_WARN_SUSPICIOUS_MOVE = YES;
				CLANG_WARN_UNGUARDED_AVAILABILITY = YES_AGGRESSIVE;
				CLANG_WARN_UNREACHABLE_CODE = YES;
				CLANG_WARN__DUPLICATE_METHOD_MATCH = YES;
				CODE_SIGN_IDENTITY = "iPhone Developer";
				COPY_PHASE_STRIP = NO;
				DEBUG_INFORMATION_FORMAT = dwarf;
				ENABLE_STRICT_OBJC_MSGSEND = YES;
				ENABLE_TESTABILITY = YES;
				GCC_C_LANGUAGE_STANDARD = gnu11;
				GCC_DYNAMIC_NO_PIC = NO;
				GCC_NO_COMMON_BLOCKS = YES;
				GCC_OPTIMIZATION_LEVEL = 0;
				GCC_PREPROCESSOR_DEFINITIONS = (
					"DEBUG=1",
					"$(inherited)",
				);
				GCC_WARN_64_TO_32_BIT_CONVERSION = YES;
				GCC_WARN_ABOUT_RETURN_TYPE = YES_ERROR;
				GCC_WARN_UNDECLARED_SELECTOR = YES;
				GCC_WARN_UNINITIALIZED_AUTOS = YES_AGGRESSIVE;
				GCC_WARN_UNUSED_FUNCTION = YES;
				GCC_WARN_UNUSED_VARIABLE = YES;
				IPHONEOS_DEPLOYMENT_TARGET = 12.2;
				MTL_ENABLE_DEBUG_INFO = INCLUDE_SOURCE;
				MTL_FAST_MATH = YES;
				ONLY_ACTIVE_ARCH = YES;
				SDKROOT = iphoneos;
			};
			name = Debug;
		};
		4F5C334122DA4F1800D3FCA1 /* Release */ = {
			isa = XCBuildConfiguration;
			buildSettings = {
				ALWAYS_SEARCH_USER_PATHS = NO;
				CLANG_ANALYZER_NONNULL = YES;
				CLANG_ANALYZER_NUMBER_OBJECT_CONVERSION = YES_AGGRESSIVE;
				CLANG_CXX_LANGUAGE_STANDARD = "gnu++14";
				CLANG_CXX_LIBRARY = "libc++";
				CLANG_ENABLE_MODULES = YES;
				CLANG_ENABLE_OBJC_ARC = YES;
				CLANG_ENABLE_OBJC_WEAK = YES;
				CLANG_WARN_BLOCK_CAPTURE_AUTORELEASING = YES;
				CLANG_WARN_BOOL_CONVERSION = YES;
				CLANG_WARN_COMMA = YES;
				CLANG_WARN_CONSTANT_CONVERSION = YES;
				CLANG_WARN_DEPRECATED_OBJC_IMPLEMENTATIONS = YES;
				CLANG_WARN_DIRECT_OBJC_ISA_USAGE = YES_ERROR;
				CLANG_WARN_DOCUMENTATION_COMMENTS = YES;
				CLANG_WARN_EMPTY_BODY = YES;
				CLANG_WARN_ENUM_CONVERSION = YES;
				CLANG_WARN_INFINITE_RECURSION = YES;
				CLANG_WARN_INT_CONVERSION = YES;
				CLANG_WARN_NON_LITERAL_NULL_CONVERSION = YES;
				CLANG_WARN_OBJC_IMPLICIT_RETAIN_SELF = YES;
				CLANG_WARN_OBJC_LITERAL_CONVERSION = YES;
				CLANG_WARN_OBJC_ROOT_CLASS = YES_ERROR;
				CLANG_WARN_RANGE_LOOP_ANALYSIS = YES;
				CLANG_WARN_STRICT_PROTOTYPES = YES;
				CLANG_WARN_SUSPICIOUS_MOVE = YES;
				CLANG_WARN_UNGUARDED_AVAILABILITY = YES_AGGRESSIVE;
				CLANG_WARN_UNREACHABLE_CODE = YES;
				CLANG_WARN__DUPLICATE_METHOD_MATCH = YES;
				CODE_SIGN_IDENTITY = "iPhone Developer";
				COPY_PHASE_STRIP = NO;
				DEBUG_INFORMATION_FORMAT = "dwarf-with-dsym";
				ENABLE_NS_ASSERTIONS = NO;
				ENABLE_STRICT_OBJC_MSGSEND = YES;
				GCC_C_LANGUAGE_STANDARD = gnu11;
				GCC_NO_COMMON_BLOCKS = YES;
				GCC_WARN_64_TO_32_BIT_CONVERSION = YES;
				GCC_WARN_ABOUT_RETURN_TYPE = YES_ERROR;
				GCC_WARN_UNDECLARED_SELECTOR = YES;
				GCC_WARN_UNINITIALIZED_AUTOS = YES_AGGRESSIVE;
				GCC_WARN_UNUSED_FUNCTION = YES;
				GCC_WARN_UNUSED_VARIABLE = YES;
				IPHONEOS_DEPLOYMENT_TARGET = 12.2;
				MTL_ENABLE_DEBUG_INFO = NO;
				MTL_FAST_MATH = YES;
				SDKROOT = iphoneos;
				VALIDATE_PRODUCT = YES;
			};
			name = Release;
		};
		4F5C334322DA4F1800D3FCA1 /* Debug */ = {
			isa = XCBuildConfiguration;
			buildSettings = {
				ASSETCATALOG_COMPILER_APPICON_NAME = AppIcon;
				CODE_SIGN_STYLE = Automatic;
				DEVELOPMENT_TEAM = 2VQ94C2355;
				INFOPLIST_FILE = AWSLPlayer/Info.plist;
				IPHONEOS_DEPLOYMENT_TARGET = 10.0;
				LD_RUNPATH_SEARCH_PATHS = (
					"$(inherited)",
					"@executable_path/Frameworks",
				);
				PRODUCT_BUNDLE_IDENTIFIER = com.eric3u.AWSLPlayer;
				PRODUCT_NAME = "$(TARGET_NAME)";
				TARGETED_DEVICE_FAMILY = "1,2";
			};
			name = Debug;
		};
		4F5C334422DA4F1800D3FCA1 /* Release */ = {
			isa = XCBuildConfiguration;
			buildSettings = {
				ASSETCATALOG_COMPILER_APPICON_NAME = AppIcon;
				CODE_SIGN_STYLE = Automatic;
				DEVELOPMENT_TEAM = 2VQ94C2355;
				INFOPLIST_FILE = AWSLPlayer/Info.plist;
				IPHONEOS_DEPLOYMENT_TARGET = 10.0;
				LD_RUNPATH_SEARCH_PATHS = (
					"$(inherited)",
					"@executable_path/Frameworks",
				);
				PRODUCT_BUNDLE_IDENTIFIER = com.eric3u.AWSLPlayer;
				PRODUCT_NAME = "$(TARGET_NAME)";
				TARGETED_DEVICE_FAMILY = "1,2";
			};
			name = Release;
		};
/* End XCBuildConfiguration section */

/* Begin XCConfigurationList section */
		4F25B47322DB1BF700F09FAC /* Build configuration list for PBXNativeTarget "AWSLPlayerTests" */ = {
			isa = XCConfigurationList;
			buildConfigurations = (
				4F25B47422DB1BF700F09FAC /* Debug */,
				4F25B47522DB1BF700F09FAC /* Release */,
			);
			defaultConfigurationIsVisible = 0;
			defaultConfigurationName = Release;
		};
		4F5C332722DA4F1700D3FCA1 /* Build configuration list for PBXProject "AWSLPlayer" */ = {
			isa = XCConfigurationList;
			buildConfigurations = (
				4F5C334022DA4F1800D3FCA1 /* Debug */,
				4F5C334122DA4F1800D3FCA1 /* Release */,
			);
			defaultConfigurationIsVisible = 0;
			defaultConfigurationName = Release;
		};
		4F5C334222DA4F1800D3FCA1 /* Build configuration list for PBXNativeTarget "AWSLPlayer" */ = {
			isa = XCConfigurationList;
			buildConfigurations = (
				4F5C334322DA4F1800D3FCA1 /* Debug */,
				4F5C334422DA4F1800D3FCA1 /* Release */,
			);
			defaultConfigurationIsVisible = 0;
			defaultConfigurationName = Release;
		};
/* End XCConfigurationList section */
	};
	rootObject = 4F5C332422DA4F1700D3FCA1 /* Project object */;
}
